// !$*UTF8*$!
{
	archiveVersion = 1;
	classes = {
	};
	objectVersion = 46;
	objects = {

/* Begin PBXBuildFile section */
		2377A359C591BD0C20703777 /* Pods_SwiftyEchartsTest_iOS.framework in Frameworks */ = {isa = PBXBuildFile; fileRef = 696BE5C28327E91E69CEEFC8 /* Pods_SwiftyEchartsTest_iOS.framework */; };
		5408989D1E52EB6500A89BB0 /* SECLinSerieSpec.swift in Sources */ = {isa = PBXBuildFile; fileRef = 5408989C1E52EB6500A89BB0 /* SECLinSerieSpec.swift */; };
		540898A81E53F6F300A89BB0 /* SECPercent.swift in Sources */ = {isa = PBXBuildFile; fileRef = 540898A71E53F6F300A89BB0 /* SECPercent.swift */; };
		540898AA1E53F71E00A89BB0 /* SECLength.swift in Sources */ = {isa = PBXBuildFile; fileRef = 540898A91E53F71E00A89BB0 /* SECLength.swift */; };
		540898AC1E5408B500A89BB0 /* SECPosition.swift in Sources */ = {isa = PBXBuildFile; fileRef = 540898AB1E5408B500A89BB0 /* SECPosition.swift */; };
		540898AE1E54294700A89BB0 /* SECBoundaryGap.swift in Sources */ = {isa = PBXBuildFile; fileRef = 540898AD1E54294700A89BB0 /* SECBoundaryGap.swift */; };
		540898B01E54637100A89BB0 /* SECJsMap.swift in Sources */ = {isa = PBXBuildFile; fileRef = 540898AF1E54637100A89BB0 /* SECJsMap.swift */; };
		540898B21E54637600A89BB0 /* SECColor.swift in Sources */ = {isa = PBXBuildFile; fileRef = 540898B11E54637600A89BB0 /* SECColor.swift */; };
		540DE5F91E2CF05C002F25E3 /* SECMarkPosition.swift in Sources */ = {isa = PBXBuildFile; fileRef = 540DE5F81E2CF05C002F25E3 /* SECMarkPosition.swift */; };
		540DE5FD1E2CF087002F25E3 /* SECMarkArea.swift in Sources */ = {isa = PBXBuildFile; fileRef = 540DE5FA1E2CF087002F25E3 /* SECMarkArea.swift */; };
		540DE5FE1E2CF087002F25E3 /* SECMarkLine.swift in Sources */ = {isa = PBXBuildFile; fileRef = 540DE5FB1E2CF087002F25E3 /* SECMarkLine.swift */; };
		540DE5FF1E2CF087002F25E3 /* SECMarkPoint.swift in Sources */ = {isa = PBXBuildFile; fileRef = 540DE5FC1E2CF087002F25E3 /* SECMarkPoint.swift */; };
		54116AF21E49720A007BB86C /* SECZable.swift in Sources */ = {isa = PBXBuildFile; fileRef = 54116AF11E49720A007BB86C /* SECZable.swift */; };
		541C725A1E4BF9C300B194A3 /* SECBrush.swift in Sources */ = {isa = PBXBuildFile; fileRef = 541C72591E4BF9C300B194A3 /* SECBrush.swift */; };
		541C725C1E4C529000B194A3 /* SECEffectScatterSerie.swift in Sources */ = {isa = PBXBuildFile; fileRef = 541C725B1E4C529000B194A3 /* SECEffectScatterSerie.swift */; };
		541C725F1E5168D300B194A3 /* SECRadarSerie.swift in Sources */ = {isa = PBXBuildFile; fileRef = 541C725E1E5168D300B194A3 /* SECRadarSerie.swift */; };
		541C72611E516D3900B194A3 /* SECTreemapSerie.swift in Sources */ = {isa = PBXBuildFile; fileRef = 541C72601E516D3900B194A3 /* SECTreemapSerie.swift */; };
		5427F07D1E2C8F4000CE20E5 /* SECLineOptions.swift in Sources */ = {isa = PBXBuildFile; fileRef = 5427F07C1E2C8F4000CE20E5 /* SECLineOptions.swift */; };
		5427F07F1E2C94FF00CE20E5 /* SECScatterOptions.swift in Sources */ = {isa = PBXBuildFile; fileRef = 5427F07E1E2C94FF00CE20E5 /* SECScatterOptions.swift */; };
		5427F0811E2C953700CE20E5 /* SECBarOptions.swift in Sources */ = {isa = PBXBuildFile; fileRef = 5427F0801E2C953700CE20E5 /* SECBarOptions.swift */; };
		5427F0831E2C95CF00CE20E5 /* SECMapOptions.swift in Sources */ = {isa = PBXBuildFile; fileRef = 5427F0821E2C95CF00CE20E5 /* SECMapOptions.swift */; };
		5427F0851E2C95D900CE20E5 /* SECPieOptions.swift in Sources */ = {isa = PBXBuildFile; fileRef = 5427F0841E2C95D900CE20E5 /* SECPieOptions.swift */; };
		5427F0891E2C96D700CE20E5 /* SECRadarOptions.swift in Sources */ = {isa = PBXBuildFile; fileRef = 5427F0881E2C96D700CE20E5 /* SECRadarOptions.swift */; };
		5427F08B1E2C96F900CE20E5 /* SECCandlestickOptions.swift in Sources */ = {isa = PBXBuildFile; fileRef = 5427F08A1E2C96F900CE20E5 /* SECCandlestickOptions.swift */; };
		5427F08D1E2C971900CE20E5 /* SECBoxplotOptions.swift in Sources */ = {isa = PBXBuildFile; fileRef = 5427F08C1E2C971900CE20E5 /* SECBoxplotOptions.swift */; };
		5427F08F1E2C97BB00CE20E5 /* SECHeatmapOptions.swift in Sources */ = {isa = PBXBuildFile; fileRef = 5427F08E1E2C97BB00CE20E5 /* SECHeatmapOptions.swift */; };
		5427F0911E2C97C600CE20E5 /* SECGraphOptions.swift in Sources */ = {isa = PBXBuildFile; fileRef = 5427F0901E2C97C600CE20E5 /* SECGraphOptions.swift */; };
		5427F0931E2C97D100CE20E5 /* SECTreemapOptions.swift in Sources */ = {isa = PBXBuildFile; fileRef = 5427F0921E2C97D100CE20E5 /* SECTreemapOptions.swift */; };
		5427F0951E2C980700CE20E5 /* SECParalledOptions.swift in Sources */ = {isa = PBXBuildFile; fileRef = 5427F0941E2C980700CE20E5 /* SECParalledOptions.swift */; };
		5427F0971E2C981500CE20E5 /* SECSankeyOptions.swift in Sources */ = {isa = PBXBuildFile; fileRef = 5427F0961E2C981500CE20E5 /* SECSankeyOptions.swift */; };
		5427F0991E2C981F00CE20E5 /* SECFunnelOptions.swift in Sources */ = {isa = PBXBuildFile; fileRef = 5427F0981E2C981F00CE20E5 /* SECFunnelOptions.swift */; };
		5427F09B1E2C982900CE20E5 /* SECGaugeOptions.swift in Sources */ = {isa = PBXBuildFile; fileRef = 5427F09A1E2C982900CE20E5 /* SECGaugeOptions.swift */; };
		5427F09D1E2C983A00CE20E5 /* SECPictoriaBarOptions.swift in Sources */ = {isa = PBXBuildFile; fileRef = 5427F09C1E2C983A00CE20E5 /* SECPictoriaBarOptions.swift */; };
		5427F09F1E2C984500CE20E5 /* SECThemeRiverOptions.swift in Sources */ = {isa = PBXBuildFile; fileRef = 5427F09E1E2C984500CE20E5 /* SECThemeRiverOptions.swift */; };
		5427F0AB1E2CEB8800CE20E5 /* SECMarkData.swift in Sources */ = {isa = PBXBuildFile; fileRef = 5427F0AA1E2CEB8800CE20E5 /* SECMarkData.swift */; };
		5435CCBE1E24990B00D753B2 /* SECUtilities.swift in Sources */ = {isa = PBXBuildFile; fileRef = 5435CCBD1E24990B00D753B2 /* SECUtilities.swift */; };
		5447FD941E2DE8BB001D88F3 /* SECDataZoom.swift in Sources */ = {isa = PBXBuildFile; fileRef = 5447FD931E2DE8BB001D88F3 /* SECDataZoom.swift */; };
		5447FD961E2DEA93001D88F3 /* SECInsideDataZoom.swift in Sources */ = {isa = PBXBuildFile; fileRef = 5447FD951E2DEA93001D88F3 /* SECInsideDataZoom.swift */; };
		5447FDA71E2E2AD6001D88F3 /* SECSliderDataZoom.swift in Sources */ = {isa = PBXBuildFile; fileRef = 5447FDA61E2E2AD6001D88F3 /* SECSliderDataZoom.swift */; };
		5469CBF31E31B8700063D1C3 /* SECPieSerie.swift in Sources */ = {isa = PBXBuildFile; fileRef = 5469CBF21E31B8700063D1C3 /* SECPieSerie.swift */; };
		5469CBF71E320B210063D1C3 /* SECContinuousVisualMap.swift in Sources */ = {isa = PBXBuildFile; fileRef = 5469CBF61E320B210063D1C3 /* SECContinuousVisualMap.swift */; };
		5469CBF91E3215FD0063D1C3 /* SECPiecewiseVisualMap.swift in Sources */ = {isa = PBXBuildFile; fileRef = 5469CBF81E3215FD0063D1C3 /* SECPiecewiseVisualMap.swift */; };
		54BA6E231E1B76B100CD7AA6 /* SECSeries.swift in Sources */ = {isa = PBXBuildFile; fileRef = 54BA6E221E1B76B100CD7AA6 /* SECSeries.swift */; };
		54BA6E251E1B798100CD7AA6 /* SECLineSerie.swift in Sources */ = {isa = PBXBuildFile; fileRef = 54BA6E241E1B798100CD7AA6 /* SECLineSerie.swift */; };
		54FEBE8F1E23480D0021CB13 /* SECJsonable.swift in Sources */ = {isa = PBXBuildFile; fileRef = 54FEBE8C1E23480D0021CB13 /* SECJsonable.swift */; };
		54FEBE901E23480D0021CB13 /* SECMap.swift in Sources */ = {isa = PBXBuildFile; fileRef = 54FEBE8D1E23480D0021CB13 /* SECMap.swift */; };
		54FEBE911E23480D0021CB13 /* SECMappable.swift in Sources */ = {isa = PBXBuildFile; fileRef = 54FEBE8E1E23480D0021CB13 /* SECMappable.swift */; };
		54FEBE931E2354B60021CB13 /* SECOption.swift in Headers */ = {isa = PBXBuildFile; fileRef = 54FEBE921E2354B60021CB13 /* SECOption.swift */; settings = {ATTRIBUTES = (Public, ); }; };
		6F1325701D9312A90006F114 /* SwiftyEcharts.h in Headers */ = {isa = PBXBuildFile; fileRef = 6F13256F1D9312A90006F114 /* SwiftyEcharts.h */; settings = {ATTRIBUTES = (Public, ); }; };
		6F1ED0731E23DC0A00A1E154 /* SECOption.swift in Sources */ = {isa = PBXBuildFile; fileRef = 54FEBE921E2354B60021CB13 /* SECOption.swift */; };
		6F1FDA8D1DF5D286004BC74E /* SECSymbol.swift in Sources */ = {isa = PBXBuildFile; fileRef = 6F1FDA8C1DF5D286004BC74E /* SECSymbol.swift */; };
		6F1FDA8F1DF5D6E9004BC74E /* SECGrid.swift in Sources */ = {isa = PBXBuildFile; fileRef = 6F1FDA8E1DF5D6E9004BC74E /* SECGrid.swift */; };
		6F3FA5771E58919E00A84E1D /* AreaRainfallDatas.plist in Resources */ = {isa = PBXBuildFile; fileRef = 6FEC7D221E58152F003A88D7 /* AreaRainfallDatas.plist */; };
		6F4ACB361E1BD36100CE5FD5 /* SECEmphasisable.swift in Sources */ = {isa = PBXBuildFile; fileRef = 6F4ACB351E1BD36100CE5FD5 /* SECEmphasisable.swift */; };
		6F4ACB391E1BDB2600CE5FD5 /* SECBorderable.swift in Sources */ = {isa = PBXBuildFile; fileRef = 6F4ACB381E1BDB2600CE5FD5 /* SECBorderable.swift */; };
		6F4ACB3C1E1BF47B00CE5FD5 /* SECLabel.swift in Sources */ = {isa = PBXBuildFile; fileRef = 6F4ACB3B1E1BF47B00CE5FD5 /* SECLabel.swift */; };
		6F4ACB3E1E1BF68F00CE5FD5 /* SECItemStyle.swift in Sources */ = {isa = PBXBuildFile; fileRef = 6F4ACB3D1E1BF68F00CE5FD5 /* SECItemStyle.swift */; };
		6F4ACB401E1BFA2500CE5FD5 /* SECOpacitable.swift in Sources */ = {isa = PBXBuildFile; fileRef = 6F4ACB3F1E1BFA2500CE5FD5 /* SECOpacitable.swift */; };
		6F4ACB421E1C00CA00CE5FD5 /* SECLineStyle.swift in Sources */ = {isa = PBXBuildFile; fileRef = 6F4ACB411E1C00CA00CE5FD5 /* SECLineStyle.swift */; };
		6F4ACB441E1C023900CE5FD5 /* SECAreaStyle.swift in Sources */ = {isa = PBXBuildFile; fileRef = 6F4ACB431E1C023900CE5FD5 /* SECAreaStyle.swift */; };
		6F4ACB461E1C078100CE5FD5 /* SECAnimatable.swift in Sources */ = {isa = PBXBuildFile; fileRef = 6F4ACB451E1C078100CE5FD5 /* SECAnimatable.swift */; };
		6F4ACB481E1D258B00CE5FD5 /* SECJsonableSpec.swift in Sources */ = {isa = PBXBuildFile; fileRef = 6F4ACB471E1D258B00CE5FD5 /* SECJsonableSpec.swift */; };
		6F4ACB511E21352600CE5FD5 /* SECMappableSpec.swift in Sources */ = {isa = PBXBuildFile; fileRef = 6F4ACB501E21352600CE5FD5 /* SECMappableSpec.swift */; };
		6F5E2D1E1E4CB2E5009C4DA7 /* SECSingleAxis.swift in Sources */ = {isa = PBXBuildFile; fileRef = 6F5E2D1D1E4CB2E5009C4DA7 /* SECSingleAxis.swift */; };
		6F91EB7B1DF08026003EEEC0 /* SECLine.swift in Sources */ = {isa = PBXBuildFile; fileRef = 6F91EB7A1DF08026003EEEC0 /* SECLine.swift */; };
		6F91EB7D1DF081A2003EEEC0 /* SECShadowable.swift in Sources */ = {isa = PBXBuildFile; fileRef = 6F91EB7C1DF081A2003EEEC0 /* SECShadowable.swift */; };
		6F91EB7F1DF142E3003EEEC0 /* SECLegend.swift in Sources */ = {isa = PBXBuildFile; fileRef = 6F91EB7E1DF142E3003EEEC0 /* SECLegend.swift */; };
		6F9B70D51DE806B000406B55 /* echarts.html in Resources */ = {isa = PBXBuildFile; fileRef = 6F9B70D31DE806B000406B55 /* echarts.html */; };
		6F9B70D61DE806B000406B55 /* js in Resources */ = {isa = PBXBuildFile; fileRef = 6F9B70D41DE806B000406B55 /* js */; };
		6F9B70D81DE8070E00406B55 /* SECEchartsView.swift in Sources */ = {isa = PBXBuildFile; fileRef = 6F9B70D71DE8070E00406B55 /* SECEchartsView.swift */; };
		6F9B70E01DE808E600406B55 /* AppDelegate.swift in Sources */ = {isa = PBXBuildFile; fileRef = 6F9B70DF1DE808E600406B55 /* AppDelegate.swift */; };
		6F9B70E21DE808E600406B55 /* ViewController.swift in Sources */ = {isa = PBXBuildFile; fileRef = 6F9B70E11DE808E600406B55 /* ViewController.swift */; };
		6F9B70E51DE808E600406B55 /* Main.storyboard in Resources */ = {isa = PBXBuildFile; fileRef = 6F9B70E31DE808E600406B55 /* Main.storyboard */; };
		6F9B70E71DE808E600406B55 /* Assets.xcassets in Resources */ = {isa = PBXBuildFile; fileRef = 6F9B70E61DE808E600406B55 /* Assets.xcassets */; };
		6F9B70EA1DE808E600406B55 /* LaunchScreen.storyboard in Resources */ = {isa = PBXBuildFile; fileRef = 6F9B70E81DE808E600406B55 /* LaunchScreen.storyboard */; };
		6F9B70EF1DE809E700406B55 /* SECEchartsView.swift in Headers */ = {isa = PBXBuildFile; fileRef = 6F9B70D71DE8070E00406B55 /* SECEchartsView.swift */; settings = {ATTRIBUTES = (Public, ); }; };
		6FA24F721E2B7A0100E25002 /* SECEnumable.swift in Sources */ = {isa = PBXBuildFile; fileRef = 6FA24F711E2B7A0100E25002 /* SECEnumable.swift */; };
		6FA24F741E2BE0F900E25002 /* SECToolbox.swift in Sources */ = {isa = PBXBuildFile; fileRef = 6FA24F731E2BE0F900E25002 /* SECToolbox.swift */; };
		6FA9DB241E59EA2000CE5277 /* SECOneOrMore.swift in Sources */ = {isa = PBXBuildFile; fileRef = 6FA9DB231E59EA2000CE5277 /* SECOneOrMore.swift */; };
		6FB400401E2FC05E0086BF5B /* SECBarSerie.swift in Sources */ = {isa = PBXBuildFile; fileRef = 6FB4003F1E2FC05E0086BF5B /* SECBarSerie.swift */; };
		6FB400421E2FC1DD0086BF5B /* SECCoordinateSystem.swift in Sources */ = {isa = PBXBuildFile; fileRef = 6FB400411E2FC1DD0086BF5B /* SECCoordinateSystem.swift */; };
		6FB400441E3104B70086BF5B /* SECTimeline.swift in Sources */ = {isa = PBXBuildFile; fileRef = 6FB400431E3104B70086BF5B /* SECTimeline.swift */; };
		6FB400461E3657E00086BF5B /* SECVisualMap.swift in Sources */ = {isa = PBXBuildFile; fileRef = 6FB400451E3657E00086BF5B /* SECVisualMap.swift */; };
		6FB400481E38FE2E0086BF5B /* SECPolar.swift in Sources */ = {isa = PBXBuildFile; fileRef = 6FB400471E38FE2E0086BF5B /* SECPolar.swift */; };
		6FB4004A1E3900A40086BF5B /* SECScatterSerie.swift in Sources */ = {isa = PBXBuildFile; fileRef = 6FB400491E3900A40086BF5B /* SECScatterSerie.swift */; };
		6FB48C971DED4A4F00137D13 /* SwiftyEcharts.framework in Frameworks */ = {isa = PBXBuildFile; fileRef = 6F13256C1D9312A90006F114 /* SwiftyEcharts.framework */; };
		6FB48C981DED4A4F00137D13 /* SwiftyEcharts.framework in Embed Frameworks */ = {isa = PBXBuildFile; fileRef = 6F13256C1D9312A90006F114 /* SwiftyEcharts.framework */; settings = {ATTRIBUTES = (CodeSignOnCopy, RemoveHeadersOnCopy, ); }; };
		6FB48CA31DEE953000137D13 /* SECTitle.swift in Headers */ = {isa = PBXBuildFile; fileRef = 6FB48CA21DEE953000137D13 /* SECTitle.swift */; settings = {ATTRIBUTES = (Public, ); }; };
		6FB48CA51DEE95B700137D13 /* SECText.swift in Headers */ = {isa = PBXBuildFile; fileRef = 6FB48CA41DEE95B700137D13 /* SECText.swift */; settings = {ATTRIBUTES = (Public, ); }; };
		6FB48CA91DEE96BD00137D13 /* SECFont.swift in Sources */ = {isa = PBXBuildFile; fileRef = 6FB48CA81DEE96BD00137D13 /* SECFont.swift */; };
		6FB48CB31DEE9FF400137D13 /* SwiftyEcharts.framework in Frameworks */ = {isa = PBXBuildFile; fileRef = 6F13256C1D9312A90006F114 /* SwiftyEcharts.framework */; };
		6FB48CBA1DEEA30000137D13 /* SECFontSpec.swift in Sources */ = {isa = PBXBuildFile; fileRef = 6FB48CB91DEEA30000137D13 /* SECFontSpec.swift */; };
		6FB48CBB1DEEFC6100137D13 /* SECFont.swift in Headers */ = {isa = PBXBuildFile; fileRef = 6FB48CA81DEE96BD00137D13 /* SECFont.swift */; settings = {ATTRIBUTES = (Public, ); }; };
		6FB48CBC1DEEFCE100137D13 /* SECTitle.swift in Sources */ = {isa = PBXBuildFile; fileRef = 6FB48CA21DEE953000137D13 /* SECTitle.swift */; };
		6FB48CBD1DEEFCE100137D13 /* SECText.swift in Sources */ = {isa = PBXBuildFile; fileRef = 6FB48CA41DEE95B700137D13 /* SECText.swift */; };
		6FB48CC41DEF358C00137D13 /* SECDisplayable.swift in Sources */ = {isa = PBXBuildFile; fileRef = 6FB48CC31DEF358C00137D13 /* SECDisplayable.swift */; };
		6FB48CC61DEF35AF00137D13 /* SECTooltip.swift in Sources */ = {isa = PBXBuildFile; fileRef = 6FB48CC51DEF35AF00137D13 /* SECTooltip.swift */; };
		6FB48CC81DEF3BB100137D13 /* SECFormatted.swift in Sources */ = {isa = PBXBuildFile; fileRef = 6FB48CC71DEF3BB100137D13 /* SECFormatted.swift */; };
		6FC40CE71E48BDA800F6E62F /* SECAxis.swift in Sources */ = {isa = PBXBuildFile; fileRef = 6FC40CE51E48BDA800F6E62F /* SECAxis.swift */; };
		6FC40CE81E48BDA800F6E62F /* SECRadiusAxis.swift in Sources */ = {isa = PBXBuildFile; fileRef = 6FC40CE61E48BDA800F6E62F /* SECRadiusAxis.swift */; };
		6FC40CEA1E48BDCF00F6E62F /* SECAxisType.swift in Sources */ = {isa = PBXBuildFile; fileRef = 6FC40CE91E48BDCF00F6E62F /* SECAxisType.swift */; };
		6FC40CEC1E48BF7400F6E62F /* SECAxisLine.swift in Sources */ = {isa = PBXBuildFile; fileRef = 6FC40CEB1E48BF7400F6E62F /* SECAxisLine.swift */; };
		6FC40CEE1E48BFCB00F6E62F /* SECAxisTick.swift in Sources */ = {isa = PBXBuildFile; fileRef = 6FC40CED1E48BFCB00F6E62F /* SECAxisTick.swift */; };
		6FC40CF01E48C01500F6E62F /* SECAxisLabel.swift in Sources */ = {isa = PBXBuildFile; fileRef = 6FC40CEF1E48C01500F6E62F /* SECAxisLabel.swift */; };
		6FC40CF21E48C06F00F6E62F /* SECSplitArea.swift in Sources */ = {isa = PBXBuildFile; fileRef = 6FC40CF11E48C06F00F6E62F /* SECSplitArea.swift */; };
		6FC40CF41E48C0C500F6E62F /* SECSplitLine.swift in Sources */ = {isa = PBXBuildFile; fileRef = 6FC40CF31E48C0C500F6E62F /* SECSplitLine.swift */; };
		6FC40CF61E48C13200F6E62F /* SECAngleAxis.swift in Sources */ = {isa = PBXBuildFile; fileRef = 6FC40CF51E48C13200F6E62F /* SECAngleAxis.swift */; };
		6FC40CF81E48D38F00F6E62F /* SECRadar.swift in Sources */ = {isa = PBXBuildFile; fileRef = 6FC40CF71E48D38F00F6E62F /* SECRadar.swift */; };
		6FC40CFA1E4CB1DF00F6E62F /* SECGeo.swift in Sources */ = {isa = PBXBuildFile; fileRef = 6FC40CF91E4CB1DF00F6E62F /* SECGeo.swift */; };
		6FC40CFC1E4CB20300F6E62F /* SECParallel.swift in Sources */ = {isa = PBXBuildFile; fileRef = 6FC40CFB1E4CB20300F6E62F /* SECParallel.swift */; };
		6FC40CFE1E4CB22900F6E62F /* SECParallelAxis.swift in Sources */ = {isa = PBXBuildFile; fileRef = 6FC40CFD1E4CB22900F6E62F /* SECParallelAxis.swift */; };
		6FD249C21E4E121F00FBB2F7 /* SECGraphicType.swift in Sources */ = {isa = PBXBuildFile; fileRef = 6FD249C11E4E121F00FBB2F7 /* SECGraphicType.swift */; };
		6FD249C41E4E142100FBB2F7 /* SECGraphic.swift in Sources */ = {isa = PBXBuildFile; fileRef = 6FD249C31E4E142100FBB2F7 /* SECGraphic.swift */; };
		6FD249CA1E4E186D00FBB2F7 /* SECGroupGraphic.swift in Sources */ = {isa = PBXBuildFile; fileRef = 6FD249C91E4E186D00FBB2F7 /* SECGroupGraphic.swift */; };
		6FD249CC1E4F308300FBB2F7 /* SECImageGraphic.swift in Sources */ = {isa = PBXBuildFile; fileRef = 6FD249CB1E4F308300FBB2F7 /* SECImageGraphic.swift */; };
		6FD249CE1E4F3E7E00FBB2F7 /* SECGraphicStyle.swift in Sources */ = {isa = PBXBuildFile; fileRef = 6FD249CD1E4F3E7E00FBB2F7 /* SECGraphicStyle.swift */; };
		6FD249D01E4F41E600FBB2F7 /* SECTextGraphic.swift in Sources */ = {isa = PBXBuildFile; fileRef = 6FD249CF1E4F41E600FBB2F7 /* SECTextGraphic.swift */; };
		6FD249D21E4F52E400FBB2F7 /* SECRectGraphic.swift in Sources */ = {isa = PBXBuildFile; fileRef = 6FD249D11E4F52E400FBB2F7 /* SECRectGraphic.swift */; };
		6FD249D41E4F625B00FBB2F7 /* SECCircleGraphic.swift in Sources */ = {isa = PBXBuildFile; fileRef = 6FD249D31E4F625B00FBB2F7 /* SECCircleGraphic.swift */; };
		6FD249D61E4F665900FBB2F7 /* SECRingGraphic.swift in Sources */ = {isa = PBXBuildFile; fileRef = 6FD249D51E4F665900FBB2F7 /* SECRingGraphic.swift */; };
		6FD249D81E50A8DD00FBB2F7 /* SECSectorGraphic.swift in Sources */ = {isa = PBXBuildFile; fileRef = 6FD249D71E50A8DD00FBB2F7 /* SECSectorGraphic.swift */; };
		6FD249DC1E50AEA200FBB2F7 /* SECPolygonGraphic.swift in Sources */ = {isa = PBXBuildFile; fileRef = 6FD249DB1E50AEA200FBB2F7 /* SECPolygonGraphic.swift */; };
		6FD249E21E50B69A00FBB2F7 /* SECArcGraphic.swift in Sources */ = {isa = PBXBuildFile; fileRef = 6FD249E11E50B69A00FBB2F7 /* SECArcGraphic.swift */; };
		6FD249E41E50B6E000FBB2F7 /* SECPolylineGraphic.swift in Sources */ = {isa = PBXBuildFile; fileRef = 6FD249E31E50B6E000FBB2F7 /* SECPolylineGraphic.swift */; };
		6FD249E61E50B74400FBB2F7 /* SECLineGraphic.swift in Sources */ = {isa = PBXBuildFile; fileRef = 6FD249E51E50B74400FBB2F7 /* SECLineGraphic.swift */; };
		6FD249E81E50B8DC00FBB2F7 /* SECBezierCurveGraphic.swift in Sources */ = {isa = PBXBuildFile; fileRef = 6FD249E71E50B8DC00FBB2F7 /* SECBezierCurveGraphic.swift */; };
		6FD249EC1E5337EC00FBB2F7 /* SECBoxplotSerie.swift in Sources */ = {isa = PBXBuildFile; fileRef = 6FD249EB1E5337EC00FBB2F7 /* SECBoxplotSerie.swift */; };
		6FD249EE1E533DCD00FBB2F7 /* SECCandlestickSerie.swift in Sources */ = {isa = PBXBuildFile; fileRef = 6FD249ED1E533DCD00FBB2F7 /* SECCandlestickSerie.swift */; };
		6FD249F01E53493C00FBB2F7 /* SECHeatmapSerie.swift in Sources */ = {isa = PBXBuildFile; fileRef = 6FD249EF1E53493C00FBB2F7 /* SECHeatmapSerie.swift */; };
		6FEC7D191E5376F9003A88D7 /* SECPercentSpec.swift in Sources */ = {isa = PBXBuildFile; fileRef = 6FEC7D181E5376F9003A88D7 /* SECPercentSpec.swift */; };
		6FEC7D1B1E549487003A88D7 /* SECTwoElements.swift in Sources */ = {isa = PBXBuildFile; fileRef = 6FEC7D1A1E549487003A88D7 /* SECTwoElements.swift */; };
		6FEC7D1D1E54996B003A88D7 /* SECTwoElementsSpec.swift in Sources */ = {isa = PBXBuildFile; fileRef = 6FEC7D1C1E54996B003A88D7 /* SECTwoElementsSpec.swift */; };
		6FEC7D1F1E55EEE0003A88D7 /* SECMarkDataType.swift in Sources */ = {isa = PBXBuildFile; fileRef = 6FEC7D1E1E55EEE0003A88D7 /* SECMarkDataType.swift */; };
		6FEC7D231E58152F003A88D7 /* AreaRainfallDatas.plist in Resources */ = {isa = PBXBuildFile; fileRef = 6FEC7D221E58152F003A88D7 /* AreaRainfallDatas.plist */; };
/* End PBXBuildFile section */

/* Begin PBXContainerItemProxy section */
		6FB48CB41DEE9FF400137D13 /* PBXContainerItemProxy */ = {
			isa = PBXContainerItemProxy;
			containerPortal = 6F1325631D9312A90006F114 /* Project object */;
			proxyType = 1;
			remoteGlobalIDString = 6F13256B1D9312A90006F114;
			remoteInfo = SwiftyEcharts;
		};
		6FF760731DE896F200580D27 /* PBXContainerItemProxy */ = {
			isa = PBXContainerItemProxy;
			containerPortal = 6F1325631D9312A90006F114 /* Project object */;
			proxyType = 1;
			remoteGlobalIDString = 6F13256B1D9312A90006F114;
			remoteInfo = SwiftyEcharts;
		};
/* End PBXContainerItemProxy section */

/* Begin PBXCopyFilesBuildPhase section */
		6FB48C991DED4A4F00137D13 /* Embed Frameworks */ = {
			isa = PBXCopyFilesBuildPhase;
			buildActionMask = 2147483647;
			dstPath = "";
			dstSubfolderSpec = 10;
			files = (
				6FB48C981DED4A4F00137D13 /* SwiftyEcharts.framework in Embed Frameworks */,
			);
			name = "Embed Frameworks";
			runOnlyForDeploymentPostprocessing = 0;
		};
/* End PBXCopyFilesBuildPhase section */

/* Begin PBXFileReference section */
		0E050E4779F8D6A158AB3CCF /* Pods-SwiftyEchartsTest_iOS.debug.xcconfig */ = {isa = PBXFileReference; includeInIndex = 1; lastKnownFileType = text.xcconfig; name = "Pods-SwiftyEchartsTest_iOS.debug.xcconfig"; path = "Pods/Target Support Files/Pods-SwiftyEchartsTest_iOS/Pods-SwiftyEchartsTest_iOS.debug.xcconfig"; sourceTree = "<group>"; };
		1BF7A0380778E442CCDE890E /* Pods-SwiftyEchartsTest_iOS.release.xcconfig */ = {isa = PBXFileReference; includeInIndex = 1; lastKnownFileType = text.xcconfig; name = "Pods-SwiftyEchartsTest_iOS.release.xcconfig"; path = "Pods/Target Support Files/Pods-SwiftyEchartsTest_iOS/Pods-SwiftyEchartsTest_iOS.release.xcconfig"; sourceTree = "<group>"; };
		5408989C1E52EB6500A89BB0 /* SECLinSerieSpec.swift */ = {isa = PBXFileReference; fileEncoding = 4; lastKnownFileType = sourcecode.swift; path = SECLinSerieSpec.swift; sourceTree = "<group>"; };
		540898A71E53F6F300A89BB0 /* SECPercent.swift */ = {isa = PBXFileReference; fileEncoding = 4; lastKnownFileType = sourcecode.swift; path = SECPercent.swift; sourceTree = "<group>"; };
		540898A91E53F71E00A89BB0 /* SECLength.swift */ = {isa = PBXFileReference; fileEncoding = 4; lastKnownFileType = sourcecode.swift; path = SECLength.swift; sourceTree = "<group>"; };
		540898AB1E5408B500A89BB0 /* SECPosition.swift */ = {isa = PBXFileReference; fileEncoding = 4; lastKnownFileType = sourcecode.swift; path = SECPosition.swift; sourceTree = "<group>"; };
		540898AD1E54294700A89BB0 /* SECBoundaryGap.swift */ = {isa = PBXFileReference; fileEncoding = 4; lastKnownFileType = sourcecode.swift; path = SECBoundaryGap.swift; sourceTree = "<group>"; };
		540898AF1E54637100A89BB0 /* SECJsMap.swift */ = {isa = PBXFileReference; fileEncoding = 4; lastKnownFileType = sourcecode.swift; path = SECJsMap.swift; sourceTree = "<group>"; };
		540898B11E54637600A89BB0 /* SECColor.swift */ = {isa = PBXFileReference; fileEncoding = 4; lastKnownFileType = sourcecode.swift; path = SECColor.swift; sourceTree = "<group>"; };
		540DE5F81E2CF05C002F25E3 /* SECMarkPosition.swift */ = {isa = PBXFileReference; fileEncoding = 4; lastKnownFileType = sourcecode.swift; path = SECMarkPosition.swift; sourceTree = "<group>"; };
		540DE5FA1E2CF087002F25E3 /* SECMarkArea.swift */ = {isa = PBXFileReference; fileEncoding = 4; lastKnownFileType = sourcecode.swift; path = SECMarkArea.swift; sourceTree = "<group>"; };
		540DE5FB1E2CF087002F25E3 /* SECMarkLine.swift */ = {isa = PBXFileReference; fileEncoding = 4; lastKnownFileType = sourcecode.swift; path = SECMarkLine.swift; sourceTree = "<group>"; };
		540DE5FC1E2CF087002F25E3 /* SECMarkPoint.swift */ = {isa = PBXFileReference; fileEncoding = 4; lastKnownFileType = sourcecode.swift; path = SECMarkPoint.swift; sourceTree = "<group>"; };
		54116AF11E49720A007BB86C /* SECZable.swift */ = {isa = PBXFileReference; fileEncoding = 4; lastKnownFileType = sourcecode.swift; path = SECZable.swift; sourceTree = "<group>"; };
		541C72591E4BF9C300B194A3 /* SECBrush.swift */ = {isa = PBXFileReference; fileEncoding = 4; lastKnownFileType = sourcecode.swift; path = SECBrush.swift; sourceTree = "<group>"; };
		541C725B1E4C529000B194A3 /* SECEffectScatterSerie.swift */ = {isa = PBXFileReference; fileEncoding = 4; lastKnownFileType = sourcecode.swift; path = SECEffectScatterSerie.swift; sourceTree = "<group>"; };
		541C725E1E5168D300B194A3 /* SECRadarSerie.swift */ = {isa = PBXFileReference; fileEncoding = 4; lastKnownFileType = sourcecode.swift; path = SECRadarSerie.swift; sourceTree = "<group>"; };
		541C72601E516D3900B194A3 /* SECTreemapSerie.swift */ = {isa = PBXFileReference; fileEncoding = 4; lastKnownFileType = sourcecode.swift; path = SECTreemapSerie.swift; sourceTree = "<group>"; };
		5427F07C1E2C8F4000CE20E5 /* SECLineOptions.swift */ = {isa = PBXFileReference; fileEncoding = 4; lastKnownFileType = sourcecode.swift; path = SECLineOptions.swift; sourceTree = "<group>"; };
		5427F07E1E2C94FF00CE20E5 /* SECScatterOptions.swift */ = {isa = PBXFileReference; fileEncoding = 4; lastKnownFileType = sourcecode.swift; path = SECScatterOptions.swift; sourceTree = "<group>"; };
		5427F0801E2C953700CE20E5 /* SECBarOptions.swift */ = {isa = PBXFileReference; fileEncoding = 4; lastKnownFileType = sourcecode.swift; path = SECBarOptions.swift; sourceTree = "<group>"; };
		5427F0821E2C95CF00CE20E5 /* SECMapOptions.swift */ = {isa = PBXFileReference; fileEncoding = 4; lastKnownFileType = sourcecode.swift; path = SECMapOptions.swift; sourceTree = "<group>"; };
		5427F0841E2C95D900CE20E5 /* SECPieOptions.swift */ = {isa = PBXFileReference; fileEncoding = 4; lastKnownFileType = sourcecode.swift; path = SECPieOptions.swift; sourceTree = "<group>"; };
		5427F0881E2C96D700CE20E5 /* SECRadarOptions.swift */ = {isa = PBXFileReference; fileEncoding = 4; lastKnownFileType = sourcecode.swift; path = SECRadarOptions.swift; sourceTree = "<group>"; };
		5427F08A1E2C96F900CE20E5 /* SECCandlestickOptions.swift */ = {isa = PBXFileReference; fileEncoding = 4; lastKnownFileType = sourcecode.swift; path = SECCandlestickOptions.swift; sourceTree = "<group>"; };
		5427F08C1E2C971900CE20E5 /* SECBoxplotOptions.swift */ = {isa = PBXFileReference; fileEncoding = 4; lastKnownFileType = sourcecode.swift; path = SECBoxplotOptions.swift; sourceTree = "<group>"; };
		5427F08E1E2C97BB00CE20E5 /* SECHeatmapOptions.swift */ = {isa = PBXFileReference; fileEncoding = 4; lastKnownFileType = sourcecode.swift; path = SECHeatmapOptions.swift; sourceTree = "<group>"; };
		5427F0901E2C97C600CE20E5 /* SECGraphOptions.swift */ = {isa = PBXFileReference; fileEncoding = 4; lastKnownFileType = sourcecode.swift; path = SECGraphOptions.swift; sourceTree = "<group>"; };
		5427F0921E2C97D100CE20E5 /* SECTreemapOptions.swift */ = {isa = PBXFileReference; fileEncoding = 4; lastKnownFileType = sourcecode.swift; path = SECTreemapOptions.swift; sourceTree = "<group>"; };
		5427F0941E2C980700CE20E5 /* SECParalledOptions.swift */ = {isa = PBXFileReference; fileEncoding = 4; lastKnownFileType = sourcecode.swift; path = SECParalledOptions.swift; sourceTree = "<group>"; };
		5427F0961E2C981500CE20E5 /* SECSankeyOptions.swift */ = {isa = PBXFileReference; fileEncoding = 4; lastKnownFileType = sourcecode.swift; path = SECSankeyOptions.swift; sourceTree = "<group>"; };
		5427F0981E2C981F00CE20E5 /* SECFunnelOptions.swift */ = {isa = PBXFileReference; fileEncoding = 4; lastKnownFileType = sourcecode.swift; path = SECFunnelOptions.swift; sourceTree = "<group>"; };
		5427F09A1E2C982900CE20E5 /* SECGaugeOptions.swift */ = {isa = PBXFileReference; fileEncoding = 4; lastKnownFileType = sourcecode.swift; path = SECGaugeOptions.swift; sourceTree = "<group>"; };
		5427F09C1E2C983A00CE20E5 /* SECPictoriaBarOptions.swift */ = {isa = PBXFileReference; fileEncoding = 4; lastKnownFileType = sourcecode.swift; path = SECPictoriaBarOptions.swift; sourceTree = "<group>"; };
		5427F09E1E2C984500CE20E5 /* SECThemeRiverOptions.swift */ = {isa = PBXFileReference; fileEncoding = 4; lastKnownFileType = sourcecode.swift; path = SECThemeRiverOptions.swift; sourceTree = "<group>"; };
		5427F0AA1E2CEB8800CE20E5 /* SECMarkData.swift */ = {isa = PBXFileReference; fileEncoding = 4; lastKnownFileType = sourcecode.swift; path = SECMarkData.swift; sourceTree = "<group>"; };
		5435CCBD1E24990B00D753B2 /* SECUtilities.swift */ = {isa = PBXFileReference; fileEncoding = 4; lastKnownFileType = sourcecode.swift; path = SECUtilities.swift; sourceTree = "<group>"; };
		5447FD931E2DE8BB001D88F3 /* SECDataZoom.swift */ = {isa = PBXFileReference; fileEncoding = 4; lastKnownFileType = sourcecode.swift; path = SECDataZoom.swift; sourceTree = "<group>"; };
		5447FD951E2DEA93001D88F3 /* SECInsideDataZoom.swift */ = {isa = PBXFileReference; fileEncoding = 4; lastKnownFileType = sourcecode.swift; path = SECInsideDataZoom.swift; sourceTree = "<group>"; };
		5447FDA61E2E2AD6001D88F3 /* SECSliderDataZoom.swift */ = {isa = PBXFileReference; fileEncoding = 4; lastKnownFileType = sourcecode.swift; path = SECSliderDataZoom.swift; sourceTree = "<group>"; };
		5469CBF21E31B8700063D1C3 /* SECPieSerie.swift */ = {isa = PBXFileReference; fileEncoding = 4; lastKnownFileType = sourcecode.swift; path = SECPieSerie.swift; sourceTree = "<group>"; };
		5469CBF61E320B210063D1C3 /* SECContinuousVisualMap.swift */ = {isa = PBXFileReference; fileEncoding = 4; lastKnownFileType = sourcecode.swift; path = SECContinuousVisualMap.swift; sourceTree = "<group>"; };
		5469CBF81E3215FD0063D1C3 /* SECPiecewiseVisualMap.swift */ = {isa = PBXFileReference; fileEncoding = 4; lastKnownFileType = sourcecode.swift; path = SECPiecewiseVisualMap.swift; sourceTree = "<group>"; };
		54BA6E221E1B76B100CD7AA6 /* SECSeries.swift */ = {isa = PBXFileReference; fileEncoding = 4; lastKnownFileType = sourcecode.swift; path = SECSeries.swift; sourceTree = "<group>"; };
		54BA6E241E1B798100CD7AA6 /* SECLineSerie.swift */ = {isa = PBXFileReference; fileEncoding = 4; lastKnownFileType = sourcecode.swift; path = SECLineSerie.swift; sourceTree = "<group>"; };
		54FEBE8C1E23480D0021CB13 /* SECJsonable.swift */ = {isa = PBXFileReference; fileEncoding = 4; lastKnownFileType = sourcecode.swift; path = SECJsonable.swift; sourceTree = "<group>"; };
		54FEBE8D1E23480D0021CB13 /* SECMap.swift */ = {isa = PBXFileReference; fileEncoding = 4; lastKnownFileType = sourcecode.swift; path = SECMap.swift; sourceTree = "<group>"; };
		54FEBE8E1E23480D0021CB13 /* SECMappable.swift */ = {isa = PBXFileReference; fileEncoding = 4; lastKnownFileType = sourcecode.swift; path = SECMappable.swift; sourceTree = "<group>"; };
		54FEBE921E2354B60021CB13 /* SECOption.swift */ = {isa = PBXFileReference; fileEncoding = 4; lastKnownFileType = sourcecode.swift; path = SECOption.swift; sourceTree = "<group>"; };
		696BE5C28327E91E69CEEFC8 /* Pods_SwiftyEchartsTest_iOS.framework */ = {isa = PBXFileReference; explicitFileType = wrapper.framework; includeInIndex = 0; path = Pods_SwiftyEchartsTest_iOS.framework; sourceTree = BUILT_PRODUCTS_DIR; };
		6F13256C1D9312A90006F114 /* SwiftyEcharts.framework */ = {isa = PBXFileReference; explicitFileType = wrapper.framework; includeInIndex = 0; path = SwiftyEcharts.framework; sourceTree = BUILT_PRODUCTS_DIR; };
		6F13256F1D9312A90006F114 /* SwiftyEcharts.h */ = {isa = PBXFileReference; lastKnownFileType = sourcecode.c.h; path = SwiftyEcharts.h; sourceTree = "<group>"; };
		6F1325711D9312A90006F114 /* Info.plist */ = {isa = PBXFileReference; lastKnownFileType = text.plist.xml; path = Info.plist; sourceTree = "<group>"; };
		6F1FDA8C1DF5D286004BC74E /* SECSymbol.swift */ = {isa = PBXFileReference; fileEncoding = 4; lastKnownFileType = sourcecode.swift; path = SECSymbol.swift; sourceTree = "<group>"; };
		6F1FDA8E1DF5D6E9004BC74E /* SECGrid.swift */ = {isa = PBXFileReference; fileEncoding = 4; lastKnownFileType = sourcecode.swift; path = SECGrid.swift; sourceTree = "<group>"; };
		6F4ACB351E1BD36100CE5FD5 /* SECEmphasisable.swift */ = {isa = PBXFileReference; fileEncoding = 4; lastKnownFileType = sourcecode.swift; path = SECEmphasisable.swift; sourceTree = "<group>"; };
		6F4ACB381E1BDB2600CE5FD5 /* SECBorderable.swift */ = {isa = PBXFileReference; fileEncoding = 4; lastKnownFileType = sourcecode.swift; path = SECBorderable.swift; sourceTree = "<group>"; };
		6F4ACB3B1E1BF47B00CE5FD5 /* SECLabel.swift */ = {isa = PBXFileReference; fileEncoding = 4; lastKnownFileType = sourcecode.swift; path = SECLabel.swift; sourceTree = "<group>"; };
		6F4ACB3D1E1BF68F00CE5FD5 /* SECItemStyle.swift */ = {isa = PBXFileReference; fileEncoding = 4; lastKnownFileType = sourcecode.swift; path = SECItemStyle.swift; sourceTree = "<group>"; };
		6F4ACB3F1E1BFA2500CE5FD5 /* SECOpacitable.swift */ = {isa = PBXFileReference; fileEncoding = 4; lastKnownFileType = sourcecode.swift; path = SECOpacitable.swift; sourceTree = "<group>"; };
		6F4ACB411E1C00CA00CE5FD5 /* SECLineStyle.swift */ = {isa = PBXFileReference; fileEncoding = 4; lastKnownFileType = sourcecode.swift; path = SECLineStyle.swift; sourceTree = "<group>"; };
		6F4ACB431E1C023900CE5FD5 /* SECAreaStyle.swift */ = {isa = PBXFileReference; fileEncoding = 4; lastKnownFileType = sourcecode.swift; path = SECAreaStyle.swift; sourceTree = "<group>"; };
		6F4ACB451E1C078100CE5FD5 /* SECAnimatable.swift */ = {isa = PBXFileReference; fileEncoding = 4; lastKnownFileType = sourcecode.swift; path = SECAnimatable.swift; sourceTree = "<group>"; };
		6F4ACB471E1D258B00CE5FD5 /* SECJsonableSpec.swift */ = {isa = PBXFileReference; fileEncoding = 4; lastKnownFileType = sourcecode.swift; path = SECJsonableSpec.swift; sourceTree = "<group>"; };
		6F4ACB501E21352600CE5FD5 /* SECMappableSpec.swift */ = {isa = PBXFileReference; fileEncoding = 4; lastKnownFileType = sourcecode.swift; path = SECMappableSpec.swift; sourceTree = "<group>"; };
		6F5E2D1D1E4CB2E5009C4DA7 /* SECSingleAxis.swift */ = {isa = PBXFileReference; fileEncoding = 4; lastKnownFileType = sourcecode.swift; path = SECSingleAxis.swift; sourceTree = "<group>"; };
		6F91EB7A1DF08026003EEEC0 /* SECLine.swift */ = {isa = PBXFileReference; fileEncoding = 4; lastKnownFileType = sourcecode.swift; path = SECLine.swift; sourceTree = "<group>"; };
		6F91EB7C1DF081A2003EEEC0 /* SECShadowable.swift */ = {isa = PBXFileReference; fileEncoding = 4; lastKnownFileType = sourcecode.swift; path = SECShadowable.swift; sourceTree = "<group>"; };
		6F91EB7E1DF142E3003EEEC0 /* SECLegend.swift */ = {isa = PBXFileReference; fileEncoding = 4; lastKnownFileType = sourcecode.swift; path = SECLegend.swift; sourceTree = "<group>"; };
		6F9B70D31DE806B000406B55 /* echarts.html */ = {isa = PBXFileReference; fileEncoding = 4; lastKnownFileType = text.html; path = echarts.html; sourceTree = "<group>"; };
		6F9B70D41DE806B000406B55 /* js */ = {isa = PBXFileReference; lastKnownFileType = folder; path = js; sourceTree = "<group>"; };
		6F9B70D71DE8070E00406B55 /* SECEchartsView.swift */ = {isa = PBXFileReference; fileEncoding = 4; lastKnownFileType = sourcecode.swift; path = SECEchartsView.swift; sourceTree = "<group>"; };
		6F9B70DD1DE808E600406B55 /* iOS_Example.app */ = {isa = PBXFileReference; explicitFileType = wrapper.application; includeInIndex = 0; path = iOS_Example.app; sourceTree = BUILT_PRODUCTS_DIR; };
		6F9B70DF1DE808E600406B55 /* AppDelegate.swift */ = {isa = PBXFileReference; lastKnownFileType = sourcecode.swift; path = AppDelegate.swift; sourceTree = "<group>"; };
		6F9B70E11DE808E600406B55 /* ViewController.swift */ = {isa = PBXFileReference; lastKnownFileType = sourcecode.swift; path = ViewController.swift; sourceTree = "<group>"; };
		6F9B70E41DE808E600406B55 /* Base */ = {isa = PBXFileReference; lastKnownFileType = file.storyboard; name = Base; path = Base.lproj/Main.storyboard; sourceTree = "<group>"; };
		6F9B70E61DE808E600406B55 /* Assets.xcassets */ = {isa = PBXFileReference; lastKnownFileType = folder.assetcatalog; path = Assets.xcassets; sourceTree = "<group>"; };
		6F9B70E91DE808E600406B55 /* Base */ = {isa = PBXFileReference; lastKnownFileType = file.storyboard; name = Base; path = Base.lproj/LaunchScreen.storyboard; sourceTree = "<group>"; };
		6F9B70EB1DE808E600406B55 /* Info.plist */ = {isa = PBXFileReference; lastKnownFileType = text.plist.xml; path = Info.plist; sourceTree = "<group>"; };
		6FA24F711E2B7A0100E25002 /* SECEnumable.swift */ = {isa = PBXFileReference; fileEncoding = 4; lastKnownFileType = sourcecode.swift; path = SECEnumable.swift; sourceTree = "<group>"; };
		6FA24F731E2BE0F900E25002 /* SECToolbox.swift */ = {isa = PBXFileReference; fileEncoding = 4; lastKnownFileType = sourcecode.swift; path = SECToolbox.swift; sourceTree = "<group>"; };
		6FA9DB231E59EA2000CE5277 /* SECOneOrMore.swift */ = {isa = PBXFileReference; fileEncoding = 4; lastKnownFileType = sourcecode.swift; path = SECOneOrMore.swift; sourceTree = "<group>"; };
		6FB4003F1E2FC05E0086BF5B /* SECBarSerie.swift */ = {isa = PBXFileReference; fileEncoding = 4; lastKnownFileType = sourcecode.swift; path = SECBarSerie.swift; sourceTree = "<group>"; };
		6FB400411E2FC1DD0086BF5B /* SECCoordinateSystem.swift */ = {isa = PBXFileReference; fileEncoding = 4; lastKnownFileType = sourcecode.swift; path = SECCoordinateSystem.swift; sourceTree = "<group>"; };
		6FB400431E3104B70086BF5B /* SECTimeline.swift */ = {isa = PBXFileReference; fileEncoding = 4; lastKnownFileType = sourcecode.swift; path = SECTimeline.swift; sourceTree = "<group>"; };
		6FB400451E3657E00086BF5B /* SECVisualMap.swift */ = {isa = PBXFileReference; fileEncoding = 4; lastKnownFileType = sourcecode.swift; path = SECVisualMap.swift; sourceTree = "<group>"; };
		6FB400471E38FE2E0086BF5B /* SECPolar.swift */ = {isa = PBXFileReference; fileEncoding = 4; lastKnownFileType = sourcecode.swift; path = SECPolar.swift; sourceTree = "<group>"; };
		6FB400491E3900A40086BF5B /* SECScatterSerie.swift */ = {isa = PBXFileReference; fileEncoding = 4; lastKnownFileType = sourcecode.swift; path = SECScatterSerie.swift; sourceTree = "<group>"; };
		6FB48CA21DEE953000137D13 /* SECTitle.swift */ = {isa = PBXFileReference; fileEncoding = 4; lastKnownFileType = sourcecode.swift; path = SECTitle.swift; sourceTree = "<group>"; };
		6FB48CA41DEE95B700137D13 /* SECText.swift */ = {isa = PBXFileReference; fileEncoding = 4; lastKnownFileType = sourcecode.swift; path = SECText.swift; sourceTree = "<group>"; };
		6FB48CA81DEE96BD00137D13 /* SECFont.swift */ = {isa = PBXFileReference; fileEncoding = 4; lastKnownFileType = sourcecode.swift; path = SECFont.swift; sourceTree = "<group>"; };
		6FB48CAE1DEE9FF300137D13 /* SwiftyEchartsTest_iOS.xctest */ = {isa = PBXFileReference; explicitFileType = wrapper.cfbundle; includeInIndex = 0; path = SwiftyEchartsTest_iOS.xctest; sourceTree = BUILT_PRODUCTS_DIR; };
		6FB48CB21DEE9FF400137D13 /* Info.plist */ = {isa = PBXFileReference; lastKnownFileType = text.plist.xml; path = Info.plist; sourceTree = "<group>"; };
		6FB48CB91DEEA30000137D13 /* SECFontSpec.swift */ = {isa = PBXFileReference; fileEncoding = 4; lastKnownFileType = sourcecode.swift; path = SECFontSpec.swift; sourceTree = "<group>"; };
		6FB48CC31DEF358C00137D13 /* SECDisplayable.swift */ = {isa = PBXFileReference; fileEncoding = 4; lastKnownFileType = sourcecode.swift; path = SECDisplayable.swift; sourceTree = "<group>"; };
		6FB48CC51DEF35AF00137D13 /* SECTooltip.swift */ = {isa = PBXFileReference; fileEncoding = 4; lastKnownFileType = sourcecode.swift; path = SECTooltip.swift; sourceTree = "<group>"; };
		6FB48CC71DEF3BB100137D13 /* SECFormatted.swift */ = {isa = PBXFileReference; fileEncoding = 4; lastKnownFileType = sourcecode.swift; path = SECFormatted.swift; sourceTree = "<group>"; };
		6FC40CE51E48BDA800F6E62F /* SECAxis.swift */ = {isa = PBXFileReference; fileEncoding = 4; lastKnownFileType = sourcecode.swift; path = SECAxis.swift; sourceTree = "<group>"; };
		6FC40CE61E48BDA800F6E62F /* SECRadiusAxis.swift */ = {isa = PBXFileReference; fileEncoding = 4; lastKnownFileType = sourcecode.swift; path = SECRadiusAxis.swift; sourceTree = "<group>"; };
		6FC40CE91E48BDCF00F6E62F /* SECAxisType.swift */ = {isa = PBXFileReference; fileEncoding = 4; lastKnownFileType = sourcecode.swift; path = SECAxisType.swift; sourceTree = "<group>"; };
		6FC40CEB1E48BF7400F6E62F /* SECAxisLine.swift */ = {isa = PBXFileReference; fileEncoding = 4; lastKnownFileType = sourcecode.swift; path = SECAxisLine.swift; sourceTree = "<group>"; };
		6FC40CED1E48BFCB00F6E62F /* SECAxisTick.swift */ = {isa = PBXFileReference; fileEncoding = 4; lastKnownFileType = sourcecode.swift; path = SECAxisTick.swift; sourceTree = "<group>"; };
		6FC40CEF1E48C01500F6E62F /* SECAxisLabel.swift */ = {isa = PBXFileReference; fileEncoding = 4; lastKnownFileType = sourcecode.swift; path = SECAxisLabel.swift; sourceTree = "<group>"; };
		6FC40CF11E48C06F00F6E62F /* SECSplitArea.swift */ = {isa = PBXFileReference; fileEncoding = 4; lastKnownFileType = sourcecode.swift; path = SECSplitArea.swift; sourceTree = "<group>"; };
		6FC40CF31E48C0C500F6E62F /* SECSplitLine.swift */ = {isa = PBXFileReference; fileEncoding = 4; lastKnownFileType = sourcecode.swift; path = SECSplitLine.swift; sourceTree = "<group>"; };
		6FC40CF51E48C13200F6E62F /* SECAngleAxis.swift */ = {isa = PBXFileReference; fileEncoding = 4; lastKnownFileType = sourcecode.swift; path = SECAngleAxis.swift; sourceTree = "<group>"; };
		6FC40CF71E48D38F00F6E62F /* SECRadar.swift */ = {isa = PBXFileReference; fileEncoding = 4; lastKnownFileType = sourcecode.swift; path = SECRadar.swift; sourceTree = "<group>"; };
		6FC40CF91E4CB1DF00F6E62F /* SECGeo.swift */ = {isa = PBXFileReference; fileEncoding = 4; lastKnownFileType = sourcecode.swift; path = SECGeo.swift; sourceTree = "<group>"; };
		6FC40CFB1E4CB20300F6E62F /* SECParallel.swift */ = {isa = PBXFileReference; fileEncoding = 4; lastKnownFileType = sourcecode.swift; path = SECParallel.swift; sourceTree = "<group>"; };
		6FC40CFD1E4CB22900F6E62F /* SECParallelAxis.swift */ = {isa = PBXFileReference; fileEncoding = 4; lastKnownFileType = sourcecode.swift; path = SECParallelAxis.swift; sourceTree = "<group>"; };
		6FD249C11E4E121F00FBB2F7 /* SECGraphicType.swift */ = {isa = PBXFileReference; fileEncoding = 4; lastKnownFileType = sourcecode.swift; path = SECGraphicType.swift; sourceTree = "<group>"; };
		6FD249C31E4E142100FBB2F7 /* SECGraphic.swift */ = {isa = PBXFileReference; fileEncoding = 4; lastKnownFileType = sourcecode.swift; path = SECGraphic.swift; sourceTree = "<group>"; };
		6FD249C91E4E186D00FBB2F7 /* SECGroupGraphic.swift */ = {isa = PBXFileReference; fileEncoding = 4; lastKnownFileType = sourcecode.swift; path = SECGroupGraphic.swift; sourceTree = "<group>"; };
		6FD249CB1E4F308300FBB2F7 /* SECImageGraphic.swift */ = {isa = PBXFileReference; fileEncoding = 4; lastKnownFileType = sourcecode.swift; path = SECImageGraphic.swift; sourceTree = "<group>"; };
		6FD249CD1E4F3E7E00FBB2F7 /* SECGraphicStyle.swift */ = {isa = PBXFileReference; fileEncoding = 4; lastKnownFileType = sourcecode.swift; path = SECGraphicStyle.swift; sourceTree = "<group>"; };
		6FD249CF1E4F41E600FBB2F7 /* SECTextGraphic.swift */ = {isa = PBXFileReference; fileEncoding = 4; lastKnownFileType = sourcecode.swift; path = SECTextGraphic.swift; sourceTree = "<group>"; };
		6FD249D11E4F52E400FBB2F7 /* SECRectGraphic.swift */ = {isa = PBXFileReference; fileEncoding = 4; lastKnownFileType = sourcecode.swift; path = SECRectGraphic.swift; sourceTree = "<group>"; };
		6FD249D31E4F625B00FBB2F7 /* SECCircleGraphic.swift */ = {isa = PBXFileReference; fileEncoding = 4; lastKnownFileType = sourcecode.swift; path = SECCircleGraphic.swift; sourceTree = "<group>"; };
		6FD249D51E4F665900FBB2F7 /* SECRingGraphic.swift */ = {isa = PBXFileReference; fileEncoding = 4; lastKnownFileType = sourcecode.swift; path = SECRingGraphic.swift; sourceTree = "<group>"; };
		6FD249D71E50A8DD00FBB2F7 /* SECSectorGraphic.swift */ = {isa = PBXFileReference; fileEncoding = 4; lastKnownFileType = sourcecode.swift; path = SECSectorGraphic.swift; sourceTree = "<group>"; };
		6FD249DB1E50AEA200FBB2F7 /* SECPolygonGraphic.swift */ = {isa = PBXFileReference; fileEncoding = 4; lastKnownFileType = sourcecode.swift; path = SECPolygonGraphic.swift; sourceTree = "<group>"; };
		6FD249E11E50B69A00FBB2F7 /* SECArcGraphic.swift */ = {isa = PBXFileReference; fileEncoding = 4; lastKnownFileType = sourcecode.swift; path = SECArcGraphic.swift; sourceTree = "<group>"; };
		6FD249E31E50B6E000FBB2F7 /* SECPolylineGraphic.swift */ = {isa = PBXFileReference; fileEncoding = 4; lastKnownFileType = sourcecode.swift; path = SECPolylineGraphic.swift; sourceTree = "<group>"; };
		6FD249E51E50B74400FBB2F7 /* SECLineGraphic.swift */ = {isa = PBXFileReference; fileEncoding = 4; lastKnownFileType = sourcecode.swift; path = SECLineGraphic.swift; sourceTree = "<group>"; };
		6FD249E71E50B8DC00FBB2F7 /* SECBezierCurveGraphic.swift */ = {isa = PBXFileReference; fileEncoding = 4; lastKnownFileType = sourcecode.swift; path = SECBezierCurveGraphic.swift; sourceTree = "<group>"; };
		6FD249EB1E5337EC00FBB2F7 /* SECBoxplotSerie.swift */ = {isa = PBXFileReference; fileEncoding = 4; lastKnownFileType = sourcecode.swift; path = SECBoxplotSerie.swift; sourceTree = "<group>"; };
		6FD249ED1E533DCD00FBB2F7 /* SECCandlestickSerie.swift */ = {isa = PBXFileReference; fileEncoding = 4; lastKnownFileType = sourcecode.swift; path = SECCandlestickSerie.swift; sourceTree = "<group>"; };
		6FD249EF1E53493C00FBB2F7 /* SECHeatmapSerie.swift */ = {isa = PBXFileReference; fileEncoding = 4; lastKnownFileType = sourcecode.swift; path = SECHeatmapSerie.swift; sourceTree = "<group>"; };
		6FEC7D181E5376F9003A88D7 /* SECPercentSpec.swift */ = {isa = PBXFileReference; fileEncoding = 4; lastKnownFileType = sourcecode.swift; path = SECPercentSpec.swift; sourceTree = "<group>"; };
		6FEC7D1A1E549487003A88D7 /* SECTwoElements.swift */ = {isa = PBXFileReference; fileEncoding = 4; lastKnownFileType = sourcecode.swift; path = SECTwoElements.swift; sourceTree = "<group>"; };
		6FEC7D1C1E54996B003A88D7 /* SECTwoElementsSpec.swift */ = {isa = PBXFileReference; fileEncoding = 4; lastKnownFileType = sourcecode.swift; path = SECTwoElementsSpec.swift; sourceTree = "<group>"; };
		6FEC7D1E1E55EEE0003A88D7 /* SECMarkDataType.swift */ = {isa = PBXFileReference; fileEncoding = 4; lastKnownFileType = sourcecode.swift; path = SECMarkDataType.swift; sourceTree = "<group>"; };
		6FEC7D221E58152F003A88D7 /* AreaRainfallDatas.plist */ = {isa = PBXFileReference; fileEncoding = 4; lastKnownFileType = text.plist.xml; path = AreaRainfallDatas.plist; sourceTree = "<group>"; };
/* End PBXFileReference section */

/* Begin PBXFrameworksBuildPhase section */
		6F1325681D9312A90006F114 /* Frameworks */ = {
			isa = PBXFrameworksBuildPhase;
			buildActionMask = 2147483647;
			files = (
			);
			runOnlyForDeploymentPostprocessing = 0;
		};
		6F9B70DA1DE808E600406B55 /* Frameworks */ = {
			isa = PBXFrameworksBuildPhase;
			buildActionMask = 2147483647;
			files = (
				6FB48C971DED4A4F00137D13 /* SwiftyEcharts.framework in Frameworks */,
			);
			runOnlyForDeploymentPostprocessing = 0;
		};
		6FB48CAB1DEE9FF300137D13 /* Frameworks */ = {
			isa = PBXFrameworksBuildPhase;
			buildActionMask = 2147483647;
			files = (
				6FB48CB31DEE9FF400137D13 /* SwiftyEcharts.framework in Frameworks */,
				2377A359C591BD0C20703777 /* Pods_SwiftyEchartsTest_iOS.framework in Frameworks */,
			);
			runOnlyForDeploymentPostprocessing = 0;
		};
/* End PBXFrameworksBuildPhase section */

/* Begin PBXGroup section */
		540898A61E53F6E000A89BB0 /* Type */ = {
			isa = PBXGroup;
			children = (
				540898B11E54637600A89BB0 /* SECColor.swift */,
				540898A71E53F6F300A89BB0 /* SECPercent.swift */,
				540898A91E53F71E00A89BB0 /* SECLength.swift */,
				6FEC7D1A1E549487003A88D7 /* SECTwoElements.swift */,
				6FA9DB231E59EA2000CE5277 /* SECOneOrMore.swift */,
			);
			path = Type;
			sourceTree = "<group>";
		};
		5427F07B1E2C8F3100CE20E5 /* DemoOptions */ = {
			isa = PBXGroup;
			children = (
				5427F07C1E2C8F4000CE20E5 /* SECLineOptions.swift */,
				5427F07E1E2C94FF00CE20E5 /* SECScatterOptions.swift */,
				5427F0801E2C953700CE20E5 /* SECBarOptions.swift */,
				5427F0821E2C95CF00CE20E5 /* SECMapOptions.swift */,
				5427F0841E2C95D900CE20E5 /* SECPieOptions.swift */,
				5427F0881E2C96D700CE20E5 /* SECRadarOptions.swift */,
				5427F08A1E2C96F900CE20E5 /* SECCandlestickOptions.swift */,
				5427F08C1E2C971900CE20E5 /* SECBoxplotOptions.swift */,
				5427F08E1E2C97BB00CE20E5 /* SECHeatmapOptions.swift */,
				5427F0901E2C97C600CE20E5 /* SECGraphOptions.swift */,
				5427F0921E2C97D100CE20E5 /* SECTreemapOptions.swift */,
				5427F0941E2C980700CE20E5 /* SECParalledOptions.swift */,
				5427F0961E2C981500CE20E5 /* SECSankeyOptions.swift */,
				5427F0981E2C981F00CE20E5 /* SECFunnelOptions.swift */,
				5427F09A1E2C982900CE20E5 /* SECGaugeOptions.swift */,
				5427F09C1E2C983A00CE20E5 /* SECPictoriaBarOptions.swift */,
				5427F09E1E2C984500CE20E5 /* SECThemeRiverOptions.swift */,
				6FEC7D221E58152F003A88D7 /* AreaRainfallDatas.plist */,
			);
			path = DemoOptions;
			sourceTree = "<group>";
		};
		5427F0A91E2CEB7F00CE20E5 /* Mark */ = {
			isa = PBXGroup;
			children = (
				540DE5FA1E2CF087002F25E3 /* SECMarkArea.swift */,
				540DE5FB1E2CF087002F25E3 /* SECMarkLine.swift */,
				540DE5FC1E2CF087002F25E3 /* SECMarkPoint.swift */,
				540DE5F81E2CF05C002F25E3 /* SECMarkPosition.swift */,
				5427F0AA1E2CEB8800CE20E5 /* SECMarkData.swift */,
				6FEC7D1E1E55EEE0003A88D7 /* SECMarkDataType.swift */,
			);
			path = Mark;
			sourceTree = "<group>";
		};
		5447FD921E2DE8B0001D88F3 /* DataZoom */ = {
			isa = PBXGroup;
			children = (
				5447FD931E2DE8BB001D88F3 /* SECDataZoom.swift */,
				5447FD951E2DEA93001D88F3 /* SECInsideDataZoom.swift */,
				5447FDA61E2E2AD6001D88F3 /* SECSliderDataZoom.swift */,
			);
			path = DataZoom;
			sourceTree = "<group>";
		};
		5469CBF51E320A560063D1C3 /* VisualMap */ = {
			isa = PBXGroup;
			children = (
				5469CBF61E320B210063D1C3 /* SECContinuousVisualMap.swift */,
				5469CBF81E3215FD0063D1C3 /* SECPiecewiseVisualMap.swift */,
				6FB400451E3657E00086BF5B /* SECVisualMap.swift */,
			);
			path = VisualMap;
			sourceTree = "<group>";
		};
		54BA6E211E1B76A700CD7AA6 /* Series */ = {
			isa = PBXGroup;
			children = (
				54BA6E221E1B76B100CD7AA6 /* SECSeries.swift */,
				54BA6E241E1B798100CD7AA6 /* SECLineSerie.swift */,
				6FB4003F1E2FC05E0086BF5B /* SECBarSerie.swift */,
				6FB400411E2FC1DD0086BF5B /* SECCoordinateSystem.swift */,
				5469CBF21E31B8700063D1C3 /* SECPieSerie.swift */,
				6FB400491E3900A40086BF5B /* SECScatterSerie.swift */,
				541C725B1E4C529000B194A3 /* SECEffectScatterSerie.swift */,
				541C725E1E5168D300B194A3 /* SECRadarSerie.swift */,
				541C72601E516D3900B194A3 /* SECTreemapSerie.swift */,
				6FD249EB1E5337EC00FBB2F7 /* SECBoxplotSerie.swift */,
				6FD249ED1E533DCD00FBB2F7 /* SECCandlestickSerie.swift */,
				6FD249EF1E53493C00FBB2F7 /* SECHeatmapSerie.swift */,
			);
			path = Series;
			sourceTree = "<group>";
		};
		54FEBE8A1E23480D0021CB13 /* Tools */ = {
			isa = PBXGroup;
			children = (
				540898A61E53F6E000A89BB0 /* Type */,
				54FEBE8B1E23480D0021CB13 /* Json */,
				5435CCBD1E24990B00D753B2 /* SECUtilities.swift */,
			);
			path = Tools;
			sourceTree = "<group>";
		};
		54FEBE8B1E23480D0021CB13 /* Json */ = {
			isa = PBXGroup;
			children = (
				540898AF1E54637100A89BB0 /* SECJsMap.swift */,
				54FEBE8C1E23480D0021CB13 /* SECJsonable.swift */,
				54FEBE8D1E23480D0021CB13 /* SECMap.swift */,
				54FEBE8E1E23480D0021CB13 /* SECMappable.swift */,
			);
			path = Json;
			sourceTree = "<group>";
		};
		6F1325621D9312A90006F114 = {
			isa = PBXGroup;
			children = (
				5427F07B1E2C8F3100CE20E5 /* DemoOptions */,
				6F13256E1D9312A90006F114 /* SwiftyEcharts */,
				6F9B70DE1DE808E600406B55 /* iOS_Example */,
				6FB48CAF1DEE9FF300137D13 /* SwiftyEchartsTest_iOS */,
				6F13256D1D9312A90006F114 /* Products */,
				B66151FAADC10CC08D3456D0 /* Pods */,
				A87694136D03A0BD2519656E /* Frameworks */,
			);
			sourceTree = "<group>";
		};
		6F13256D1D9312A90006F114 /* Products */ = {
			isa = PBXGroup;
			children = (
				6F13256C1D9312A90006F114 /* SwiftyEcharts.framework */,
				6F9B70DD1DE808E600406B55 /* iOS_Example.app */,
				6FB48CAE1DEE9FF300137D13 /* SwiftyEchartsTest_iOS.xctest */,
			);
			name = Products;
			sourceTree = "<group>";
		};
		6F13256E1D9312A90006F114 /* SwiftyEcharts */ = {
			isa = PBXGroup;
			children = (
				54FEBE8A1E23480D0021CB13 /* Tools */,
				6FB48CA11DEE953000137D13 /* Models */,
				6F9B70D21DE806A900406B55 /* Sources */,
				6F9B70CC1DE8054200406B55 /* Views */,
				6F1325781D9312D80006F114 /* Supporting Files */,
			);
			path = SwiftyEcharts;
			sourceTree = "<group>";
		};
		6F1325781D9312D80006F114 /* Supporting Files */ = {
			isa = PBXGroup;
			children = (
				6F13256F1D9312A90006F114 /* SwiftyEcharts.h */,
				6F1325711D9312A90006F114 /* Info.plist */,
			);
			name = "Supporting Files";
			sourceTree = "<group>";
		};
		6F4ACB3A1E1BF47300CE5FD5 /* Type */ = {
			isa = PBXGroup;
			children = (
				6F4ACB3B1E1BF47B00CE5FD5 /* SECLabel.swift */,
				6F4ACB3D1E1BF68F00CE5FD5 /* SECItemStyle.swift */,
				6F4ACB411E1C00CA00CE5FD5 /* SECLineStyle.swift */,
				6F4ACB431E1C023900CE5FD5 /* SECAreaStyle.swift */,
				6F4ACB451E1C078100CE5FD5 /* SECAnimatable.swift */,
				540898AB1E5408B500A89BB0 /* SECPosition.swift */,
				540898AD1E54294700A89BB0 /* SECBoundaryGap.swift */,
			);
			path = Type;
			sourceTree = "<group>";
		};
		6F9B70CC1DE8054200406B55 /* Views */ = {
			isa = PBXGroup;
			children = (
				6F9B70D71DE8070E00406B55 /* SECEchartsView.swift */,
			);
			path = Views;
			sourceTree = "<group>";
		};
		6F9B70D21DE806A900406B55 /* Sources */ = {
			isa = PBXGroup;
			children = (
				6F9B70D31DE806B000406B55 /* echarts.html */,
				6F9B70D41DE806B000406B55 /* js */,
			);
			path = Sources;
			sourceTree = "<group>";
		};
		6F9B70DE1DE808E600406B55 /* iOS_Example */ = {
			isa = PBXGroup;
			children = (
				6F9B70DF1DE808E600406B55 /* AppDelegate.swift */,
				6F9B70E11DE808E600406B55 /* ViewController.swift */,
				6F9B70E31DE808E600406B55 /* Main.storyboard */,
				6F9B70E61DE808E600406B55 /* Assets.xcassets */,
				6F9B70E81DE808E600406B55 /* LaunchScreen.storyboard */,
				6F9B70EB1DE808E600406B55 /* Info.plist */,
			);
			path = iOS_Example;
			sourceTree = "<group>";
		};
		6FB48CA11DEE953000137D13 /* Models */ = {
			isa = PBXGroup;
			children = (
				6FD249C01E4E121300FBB2F7 /* Graphic */,
				6FC40CE41E48BDA800F6E62F /* Axis */,
				5469CBF51E320A560063D1C3 /* VisualMap */,
				5447FD921E2DE8B0001D88F3 /* DataZoom */,
				5427F0A91E2CEB7F00CE20E5 /* Mark */,
				6F4ACB3A1E1BF47300CE5FD5 /* Type */,
				54BA6E211E1B76A700CD7AA6 /* Series */,
				6FB48CC21DEF358C00137D13 /* Protocol */,
				6FB48CA21DEE953000137D13 /* SECTitle.swift */,
				6FB48CA41DEE95B700137D13 /* SECText.swift */,
				6FB48CA81DEE96BD00137D13 /* SECFont.swift */,
				6FB48CC51DEF35AF00137D13 /* SECTooltip.swift */,
				6F91EB7E1DF142E3003EEEC0 /* SECLegend.swift */,
				6F1FDA8C1DF5D286004BC74E /* SECSymbol.swift */,
				6F1FDA8E1DF5D6E9004BC74E /* SECGrid.swift */,
				54FEBE921E2354B60021CB13 /* SECOption.swift */,
				6FA24F731E2BE0F900E25002 /* SECToolbox.swift */,
				6FB400431E3104B70086BF5B /* SECTimeline.swift */,
				6FB400471E38FE2E0086BF5B /* SECPolar.swift */,
				6FC40CF71E48D38F00F6E62F /* SECRadar.swift */,
				541C72591E4BF9C300B194A3 /* SECBrush.swift */,
				6FC40CF91E4CB1DF00F6E62F /* SECGeo.swift */,
				6FC40CFB1E4CB20300F6E62F /* SECParallel.swift */,
			);
			path = Models;
			sourceTree = "<group>";
		};
		6FB48CAF1DEE9FF300137D13 /* SwiftyEchartsTest_iOS */ = {
			isa = PBXGroup;
			children = (
				6FB48CB21DEE9FF400137D13 /* Info.plist */,
				6FB48CB91DEEA30000137D13 /* SECFontSpec.swift */,
				6F4ACB471E1D258B00CE5FD5 /* SECJsonableSpec.swift */,
				6F4ACB501E21352600CE5FD5 /* SECMappableSpec.swift */,
				5408989C1E52EB6500A89BB0 /* SECLinSerieSpec.swift */,
				6FEC7D181E5376F9003A88D7 /* SECPercentSpec.swift */,
				6FEC7D1C1E54996B003A88D7 /* SECTwoElementsSpec.swift */,
			);
			path = SwiftyEchartsTest_iOS;
			sourceTree = "<group>";
		};
		6FB48CC21DEF358C00137D13 /* Protocol */ = {
			isa = PBXGroup;
			children = (
				6FB48CC31DEF358C00137D13 /* SECDisplayable.swift */,
				6FB48CC71DEF3BB100137D13 /* SECFormatted.swift */,
				6F91EB7A1DF08026003EEEC0 /* SECLine.swift */,
				6F91EB7C1DF081A2003EEEC0 /* SECShadowable.swift */,
				6F4ACB351E1BD36100CE5FD5 /* SECEmphasisable.swift */,
				6F4ACB381E1BDB2600CE5FD5 /* SECBorderable.swift */,
				6F4ACB3F1E1BFA2500CE5FD5 /* SECOpacitable.swift */,
				6FA24F711E2B7A0100E25002 /* SECEnumable.swift */,
				54116AF11E49720A007BB86C /* SECZable.swift */,
			);
			path = Protocol;
			sourceTree = "<group>";
		};
		6FC40CE41E48BDA800F6E62F /* Axis */ = {
			isa = PBXGroup;
			children = (
				6FC40CE51E48BDA800F6E62F /* SECAxis.swift */,
				6FC40CE61E48BDA800F6E62F /* SECRadiusAxis.swift */,
				6FC40CE91E48BDCF00F6E62F /* SECAxisType.swift */,
				6FC40CEB1E48BF7400F6E62F /* SECAxisLine.swift */,
				6FC40CED1E48BFCB00F6E62F /* SECAxisTick.swift */,
				6FC40CEF1E48C01500F6E62F /* SECAxisLabel.swift */,
				6FC40CF11E48C06F00F6E62F /* SECSplitArea.swift */,
				6FC40CF31E48C0C500F6E62F /* SECSplitLine.swift */,
				6FC40CF51E48C13200F6E62F /* SECAngleAxis.swift */,
				6FC40CFD1E4CB22900F6E62F /* SECParallelAxis.swift */,
				6F5E2D1D1E4CB2E5009C4DA7 /* SECSingleAxis.swift */,
			);
			path = Axis;
			sourceTree = "<group>";
		};
		6FD249C01E4E121300FBB2F7 /* Graphic */ = {
			isa = PBXGroup;
			children = (
				6FD249C31E4E142100FBB2F7 /* SECGraphic.swift */,
				6FD249C11E4E121F00FBB2F7 /* SECGraphicType.swift */,
				6FD249C91E4E186D00FBB2F7 /* SECGroupGraphic.swift */,
				6FD249CB1E4F308300FBB2F7 /* SECImageGraphic.swift */,
				6FD249CD1E4F3E7E00FBB2F7 /* SECGraphicStyle.swift */,
				6FD249CF1E4F41E600FBB2F7 /* SECTextGraphic.swift */,
				6FD249D11E4F52E400FBB2F7 /* SECRectGraphic.swift */,
				6FD249D31E4F625B00FBB2F7 /* SECCircleGraphic.swift */,
				6FD249D51E4F665900FBB2F7 /* SECRingGraphic.swift */,
				6FD249D71E50A8DD00FBB2F7 /* SECSectorGraphic.swift */,
				6FD249DB1E50AEA200FBB2F7 /* SECPolygonGraphic.swift */,
				6FD249E11E50B69A00FBB2F7 /* SECArcGraphic.swift */,
				6FD249E31E50B6E000FBB2F7 /* SECPolylineGraphic.swift */,
				6FD249E51E50B74400FBB2F7 /* SECLineGraphic.swift */,
				6FD249E71E50B8DC00FBB2F7 /* SECBezierCurveGraphic.swift */,
			);
			path = Graphic;
			sourceTree = "<group>";
		};
		A87694136D03A0BD2519656E /* Frameworks */ = {
			isa = PBXGroup;
			children = (
				696BE5C28327E91E69CEEFC8 /* Pods_SwiftyEchartsTest_iOS.framework */,
			);
			name = Frameworks;
			sourceTree = "<group>";
		};
		B66151FAADC10CC08D3456D0 /* Pods */ = {
			isa = PBXGroup;
			children = (
				0E050E4779F8D6A158AB3CCF /* Pods-SwiftyEchartsTest_iOS.debug.xcconfig */,
				1BF7A0380778E442CCDE890E /* Pods-SwiftyEchartsTest_iOS.release.xcconfig */,
			);
			name = Pods;
			sourceTree = "<group>";
		};
/* End PBXGroup section */

/* Begin PBXHeadersBuildPhase section */
		6F1325691D9312A90006F114 /* Headers */ = {
			isa = PBXHeadersBuildPhase;
			buildActionMask = 2147483647;
			files = (
				54FEBE931E2354B60021CB13 /* SECOption.swift in Headers */,
				6F9B70EF1DE809E700406B55 /* SECEchartsView.swift in Headers */,
				6FB48CA51DEE95B700137D13 /* SECText.swift in Headers */,
				6FB48CA31DEE953000137D13 /* SECTitle.swift in Headers */,
				6FB48CBB1DEEFC6100137D13 /* SECFont.swift in Headers */,
				6F1325701D9312A90006F114 /* SwiftyEcharts.h in Headers */,
			);
			runOnlyForDeploymentPostprocessing = 0;
		};
/* End PBXHeadersBuildPhase section */

/* Begin PBXNativeTarget section */
		6F13256B1D9312A90006F114 /* SwiftyEcharts */ = {
			isa = PBXNativeTarget;
			buildConfigurationList = 6F1325741D9312A90006F114 /* Build configuration list for PBXNativeTarget "SwiftyEcharts" */;
			buildPhases = (
				6F1325671D9312A90006F114 /* Sources */,
				6F1325681D9312A90006F114 /* Frameworks */,
				6F1325691D9312A90006F114 /* Headers */,
				6F13256A1D9312A90006F114 /* Resources */,
			);
			buildRules = (
			);
			dependencies = (
			);
			name = SwiftyEcharts;
			productName = SwiftyEcharts;
			productReference = 6F13256C1D9312A90006F114 /* SwiftyEcharts.framework */;
			productType = "com.apple.product-type.framework";
		};
		6F9B70DC1DE808E600406B55 /* iOS_Example */ = {
			isa = PBXNativeTarget;
			buildConfigurationList = 6F9B70EC1DE808E600406B55 /* Build configuration list for PBXNativeTarget "iOS_Example" */;
			buildPhases = (
				6F9B70D91DE808E600406B55 /* Sources */,
				6F9B70DA1DE808E600406B55 /* Frameworks */,
				6F9B70DB1DE808E600406B55 /* Resources */,
				6FB48C991DED4A4F00137D13 /* Embed Frameworks */,
			);
			buildRules = (
			);
			dependencies = (
				6FF760741DE896F200580D27 /* PBXTargetDependency */,
			);
			name = iOS_Example;
			productName = iOS_Example;
			productReference = 6F9B70DD1DE808E600406B55 /* iOS_Example.app */;
			productType = "com.apple.product-type.application";
		};
		6FB48CAD1DEE9FF300137D13 /* SwiftyEchartsTest_iOS */ = {
			isa = PBXNativeTarget;
			buildConfigurationList = 6FB48CB61DEE9FF400137D13 /* Build configuration list for PBXNativeTarget "SwiftyEchartsTest_iOS" */;
			buildPhases = (
				1963F87E9502C70C1B946682 /* [CP] Check Pods Manifest.lock */,
				6FB48CAA1DEE9FF300137D13 /* Sources */,
				6FB48CAB1DEE9FF300137D13 /* Frameworks */,
				6FB48CAC1DEE9FF300137D13 /* Resources */,
				2C4000DA3602FEE2576776DE /* [CP] Embed Pods Frameworks */,
				FAD67B08EEEED81A95C983CA /* [CP] Copy Pods Resources */,
			);
			buildRules = (
			);
			dependencies = (
				6FB48CB51DEE9FF400137D13 /* PBXTargetDependency */,
			);
			name = SwiftyEchartsTest_iOS;
			productName = SwiftyEchartsTest_iOS;
			productReference = 6FB48CAE1DEE9FF300137D13 /* SwiftyEchartsTest_iOS.xctest */;
			productType = "com.apple.product-type.bundle.unit-test";
		};
/* End PBXNativeTarget section */

/* Begin PBXProject section */
		6F1325631D9312A90006F114 /* Project object */ = {
			isa = PBXProject;
			attributes = {
				LastSwiftUpdateCheck = 0810;
				LastUpgradeCheck = 0820;
				ORGANIZATIONNAME = "com.pluto-y";
				TargetAttributes = {
					6F13256B1D9312A90006F114 = {
						CreatedOnToolsVersion = 7.3;
						LastSwiftMigration = 0810;
					};
					6F9B70DC1DE808E600406B55 = {
						CreatedOnToolsVersion = 8.1;
						LastSwiftMigration = 0810;
						ProvisioningStyle = Manual;
					};
					6FB48CAD1DEE9FF300137D13 = {
						CreatedOnToolsVersion = 8.1;
						LastSwiftMigration = 0810;
						ProvisioningStyle = Automatic;
					};
				};
			};
			buildConfigurationList = 6F1325661D9312A90006F114 /* Build configuration list for PBXProject "SwiftyEcharts" */;
			compatibilityVersion = "Xcode 3.2";
			developmentRegion = English;
			hasScannedForEncodings = 0;
			knownRegions = (
				en,
				Base,
			);
			mainGroup = 6F1325621D9312A90006F114;
			productRefGroup = 6F13256D1D9312A90006F114 /* Products */;
			projectDirPath = "";
			projectRoot = "";
			targets = (
				6F9B70DC1DE808E600406B55 /* iOS_Example */,
				6F13256B1D9312A90006F114 /* SwiftyEcharts */,
				6FB48CAD1DEE9FF300137D13 /* SwiftyEchartsTest_iOS */,
			);
		};
/* End PBXProject section */

/* Begin PBXResourcesBuildPhase section */
		6F13256A1D9312A90006F114 /* Resources */ = {
			isa = PBXResourcesBuildPhase;
			buildActionMask = 2147483647;
			files = (
				6F9B70D51DE806B000406B55 /* echarts.html in Resources */,
				6FEC7D231E58152F003A88D7 /* AreaRainfallDatas.plist in Resources */,
				6F9B70D61DE806B000406B55 /* js in Resources */,
			);
			runOnlyForDeploymentPostprocessing = 0;
		};
		6F9B70DB1DE808E600406B55 /* Resources */ = {
			isa = PBXResourcesBuildPhase;
			buildActionMask = 2147483647;
			files = (
				6F3FA5771E58919E00A84E1D /* AreaRainfallDatas.plist in Resources */,
				6F9B70EA1DE808E600406B55 /* LaunchScreen.storyboard in Resources */,
				6F9B70E71DE808E600406B55 /* Assets.xcassets in Resources */,
				6F9B70E51DE808E600406B55 /* Main.storyboard in Resources */,
			);
			runOnlyForDeploymentPostprocessing = 0;
		};
		6FB48CAC1DEE9FF300137D13 /* Resources */ = {
			isa = PBXResourcesBuildPhase;
			buildActionMask = 2147483647;
			files = (
			);
			runOnlyForDeploymentPostprocessing = 0;
		};
/* End PBXResourcesBuildPhase section */

/* Begin PBXShellScriptBuildPhase section */
		1963F87E9502C70C1B946682 /* [CP] Check Pods Manifest.lock */ = {
			isa = PBXShellScriptBuildPhase;
			buildActionMask = 2147483647;
			files = (
			);
			inputPaths = (
			);
			name = "[CP] Check Pods Manifest.lock";
			outputPaths = (
			);
			runOnlyForDeploymentPostprocessing = 0;
			shellPath = /bin/sh;
			shellScript = "diff \"${PODS_ROOT}/../Podfile.lock\" \"${PODS_ROOT}/Manifest.lock\" > /dev/null\nif [ $? != 0 ] ; then\n    # print error to STDERR\n    echo \"error: The sandbox is not in sync with the Podfile.lock. Run 'pod install' or update your CocoaPods installation.\" >&2\n    exit 1\nfi\n";
			showEnvVarsInLog = 0;
		};
		2C4000DA3602FEE2576776DE /* [CP] Embed Pods Frameworks */ = {
			isa = PBXShellScriptBuildPhase;
			buildActionMask = 2147483647;
			files = (
			);
			inputPaths = (
			);
			name = "[CP] Embed Pods Frameworks";
			outputPaths = (
			);
			runOnlyForDeploymentPostprocessing = 0;
			shellPath = /bin/sh;
			shellScript = "\"${SRCROOT}/Pods/Target Support Files/Pods-SwiftyEchartsTest_iOS/Pods-SwiftyEchartsTest_iOS-frameworks.sh\"\n";
			showEnvVarsInLog = 0;
		};
		FAD67B08EEEED81A95C983CA /* [CP] Copy Pods Resources */ = {
			isa = PBXShellScriptBuildPhase;
			buildActionMask = 2147483647;
			files = (
			);
			inputPaths = (
			);
			name = "[CP] Copy Pods Resources";
			outputPaths = (
			);
			runOnlyForDeploymentPostprocessing = 0;
			shellPath = /bin/sh;
			shellScript = "\"${SRCROOT}/Pods/Target Support Files/Pods-SwiftyEchartsTest_iOS/Pods-SwiftyEchartsTest_iOS-resources.sh\"\n";
			showEnvVarsInLog = 0;
		};
/* End PBXShellScriptBuildPhase section */

/* Begin PBXSourcesBuildPhase section */
		6F1325671D9312A90006F114 /* Sources */ = {
			isa = PBXSourcesBuildPhase;
			buildActionMask = 2147483647;
			files = (
				6FEC7D1F1E55EEE0003A88D7 /* SECMarkDataType.swift in Sources */,
				540DE5FD1E2CF087002F25E3 /* SECMarkArea.swift in Sources */,
				6F1ED0731E23DC0A00A1E154 /* SECOption.swift in Sources */,
				6FD249CE1E4F3E7E00FBB2F7 /* SECGraphicStyle.swift in Sources */,
				6FB400481E38FE2E0086BF5B /* SECPolar.swift in Sources */,
				6F4ACB461E1C078100CE5FD5 /* SECAnimatable.swift in Sources */,
				541C725A1E4BF9C300B194A3 /* SECBrush.swift in Sources */,
				6FD249D21E4F52E400FBB2F7 /* SECRectGraphic.swift in Sources */,
				54BA6E231E1B76B100CD7AA6 /* SECSeries.swift in Sources */,
				6FC40CE71E48BDA800F6E62F /* SECAxis.swift in Sources */,
				6FC40CE81E48BDA800F6E62F /* SECRadiusAxis.swift in Sources */,
				540DE5FF1E2CF087002F25E3 /* SECMarkPoint.swift in Sources */,
				54BA6E251E1B798100CD7AA6 /* SECLineSerie.swift in Sources */,
				6F4ACB3E1E1BF68F00CE5FD5 /* SECItemStyle.swift in Sources */,
				6F4ACB391E1BDB2600CE5FD5 /* SECBorderable.swift in Sources */,
				6FD249E41E50B6E000FBB2F7 /* SECPolylineGraphic.swift in Sources */,
				541C72611E516D3900B194A3 /* SECTreemapSerie.swift in Sources */,
				6FC40CF61E48C13200F6E62F /* SECAngleAxis.swift in Sources */,
				6FC40CFE1E4CB22900F6E62F /* SECParallelAxis.swift in Sources */,
				6FC40CEE1E48BFCB00F6E62F /* SECAxisTick.swift in Sources */,
				6FD249D01E4F41E600FBB2F7 /* SECTextGraphic.swift in Sources */,
				6FD249C21E4E121F00FBB2F7 /* SECGraphicType.swift in Sources */,
				6FB48CBC1DEEFCE100137D13 /* SECTitle.swift in Sources */,
				6F4ACB401E1BFA2500CE5FD5 /* SECOpacitable.swift in Sources */,
				6F4ACB3C1E1BF47B00CE5FD5 /* SECLabel.swift in Sources */,
				6F5E2D1E1E4CB2E5009C4DA7 /* SECSingleAxis.swift in Sources */,
				6FB400441E3104B70086BF5B /* SECTimeline.swift in Sources */,
				6FB48CBD1DEEFCE100137D13 /* SECText.swift in Sources */,
				6FD249CC1E4F308300FBB2F7 /* SECImageGraphic.swift in Sources */,
				5435CCBE1E24990B00D753B2 /* SECUtilities.swift in Sources */,
				6FD249D81E50A8DD00FBB2F7 /* SECSectorGraphic.swift in Sources */,
				6F4ACB421E1C00CA00CE5FD5 /* SECLineStyle.swift in Sources */,
				6FC40CF41E48C0C500F6E62F /* SECSplitLine.swift in Sources */,
				6FD249D61E4F665900FBB2F7 /* SECRingGraphic.swift in Sources */,
				6FA24F741E2BE0F900E25002 /* SECToolbox.swift in Sources */,
				541C725C1E4C529000B194A3 /* SECEffectScatterSerie.swift in Sources */,
				6FC40CEA1E48BDCF00F6E62F /* SECAxisType.swift in Sources */,
				6FC40CF21E48C06F00F6E62F /* SECSplitArea.swift in Sources */,
				6FC40CFA1E4CB1DF00F6E62F /* SECGeo.swift in Sources */,
				6FD249E21E50B69A00FBB2F7 /* SECArcGraphic.swift in Sources */,
				6FB400461E3657E00086BF5B /* SECVisualMap.swift in Sources */,
				54FEBE8F1E23480D0021CB13 /* SECJsonable.swift in Sources */,
				6F4ACB441E1C023900CE5FD5 /* SECAreaStyle.swift in Sources */,
				540898AC1E5408B500A89BB0 /* SECPosition.swift in Sources */,
				6FD249EC1E5337EC00FBB2F7 /* SECBoxplotSerie.swift in Sources */,
				6FB48CA91DEE96BD00137D13 /* SECFont.swift in Sources */,
				6FC40CF81E48D38F00F6E62F /* SECRadar.swift in Sources */,
				6F91EB7B1DF08026003EEEC0 /* SECLine.swift in Sources */,
				6FD249EE1E533DCD00FBB2F7 /* SECCandlestickSerie.swift in Sources */,
				6FB48CC61DEF35AF00137D13 /* SECTooltip.swift in Sources */,
				6FA9DB241E59EA2000CE5277 /* SECOneOrMore.swift in Sources */,
				6FB4004A1E3900A40086BF5B /* SECScatterSerie.swift in Sources */,
				5469CBF91E3215FD0063D1C3 /* SECPiecewiseVisualMap.swift in Sources */,
				6FA24F721E2B7A0100E25002 /* SECEnumable.swift in Sources */,
				5447FDA71E2E2AD6001D88F3 /* SECSliderDataZoom.swift in Sources */,
				5447FD961E2DEA93001D88F3 /* SECInsideDataZoom.swift in Sources */,
				6FD249E61E50B74400FBB2F7 /* SECLineGraphic.swift in Sources */,
				540898B21E54637600A89BB0 /* SECColor.swift in Sources */,
				6FD249E81E50B8DC00FBB2F7 /* SECBezierCurveGraphic.swift in Sources */,
				540DE5FE1E2CF087002F25E3 /* SECMarkLine.swift in Sources */,
				6FC40CF01E48C01500F6E62F /* SECAxisLabel.swift in Sources */,
				6FB48CC41DEF358C00137D13 /* SECDisplayable.swift in Sources */,
				54116AF21E49720A007BB86C /* SECZable.swift in Sources */,
				6FD249DC1E50AEA200FBB2F7 /* SECPolygonGraphic.swift in Sources */,
				6F1FDA8D1DF5D286004BC74E /* SECSymbol.swift in Sources */,
				6FB400421E2FC1DD0086BF5B /* SECCoordinateSystem.swift in Sources */,
				5447FD941E2DE8BB001D88F3 /* SECDataZoom.swift in Sources */,
				6FD249C41E4E142100FBB2F7 /* SECGraphic.swift in Sources */,
				540898AA1E53F71E00A89BB0 /* SECLength.swift in Sources */,
				6FB48CC81DEF3BB100137D13 /* SECFormatted.swift in Sources */,
				540898AE1E54294700A89BB0 /* SECBoundaryGap.swift in Sources */,
				541C725F1E5168D300B194A3 /* SECRadarSerie.swift in Sources */,
				6FC40CFC1E4CB20300F6E62F /* SECParallel.swift in Sources */,
				6FB400401E2FC05E0086BF5B /* SECBarSerie.swift in Sources */,
				6F9B70D81DE8070E00406B55 /* SECEchartsView.swift in Sources */,
				6F4ACB361E1BD36100CE5FD5 /* SECEmphasisable.swift in Sources */,
				540DE5F91E2CF05C002F25E3 /* SECMarkPosition.swift in Sources */,
				6F1FDA8F1DF5D6E9004BC74E /* SECGrid.swift in Sources */,
				5469CBF71E320B210063D1C3 /* SECContinuousVisualMap.swift in Sources */,
				6FEC7D1B1E549487003A88D7 /* SECTwoElements.swift in Sources */,
				540898A81E53F6F300A89BB0 /* SECPercent.swift in Sources */,
				5469CBF31E31B8700063D1C3 /* SECPieSerie.swift in Sources */,
				6F91EB7D1DF081A2003EEEC0 /* SECShadowable.swift in Sources */,
				540898B01E54637100A89BB0 /* SECJsMap.swift in Sources */,
				6FD249CA1E4E186D00FBB2F7 /* SECGroupGraphic.swift in Sources */,
				54FEBE901E23480D0021CB13 /* SECMap.swift in Sources */,
				6FC40CEC1E48BF7400F6E62F /* SECAxisLine.swift in Sources */,
				6F91EB7F1DF142E3003EEEC0 /* SECLegend.swift in Sources */,
				5427F0AB1E2CEB8800CE20E5 /* SECMarkData.swift in Sources */,
				6FD249F01E53493C00FBB2F7 /* SECHeatmapSerie.swift in Sources */,
				54FEBE911E23480D0021CB13 /* SECMappable.swift in Sources */,
				6FD249D41E4F625B00FBB2F7 /* SECCircleGraphic.swift in Sources */,
			);
			runOnlyForDeploymentPostprocessing = 0;
		};
		6F9B70D91DE808E600406B55 /* Sources */ = {
			isa = PBXSourcesBuildPhase;
			buildActionMask = 2147483647;
			files = (
				5427F0991E2C981F00CE20E5 /* SECFunnelOptions.swift in Sources */,
				5427F07D1E2C8F4000CE20E5 /* SECLineOptions.swift in Sources */,
				5427F0891E2C96D700CE20E5 /* SECRadarOptions.swift in Sources */,
				5427F0851E2C95D900CE20E5 /* SECPieOptions.swift in Sources */,
				5427F0811E2C953700CE20E5 /* SECBarOptions.swift in Sources */,
				5427F09B1E2C982900CE20E5 /* SECGaugeOptions.swift in Sources */,
				6F9B70E21DE808E600406B55 /* ViewController.swift in Sources */,
				5427F0911E2C97C600CE20E5 /* SECGraphOptions.swift in Sources */,
				5427F0971E2C981500CE20E5 /* SECSankeyOptions.swift in Sources */,
				5427F08F1E2C97BB00CE20E5 /* SECHeatmapOptions.swift in Sources */,
				6F9B70E01DE808E600406B55 /* AppDelegate.swift in Sources */,
				5427F08B1E2C96F900CE20E5 /* SECCandlestickOptions.swift in Sources */,
				5427F0951E2C980700CE20E5 /* SECParalledOptions.swift in Sources */,
				5427F09F1E2C984500CE20E5 /* SECThemeRiverOptions.swift in Sources */,
				5427F09D1E2C983A00CE20E5 /* SECPictoriaBarOptions.swift in Sources */,
				5427F08D1E2C971900CE20E5 /* SECBoxplotOptions.swift in Sources */,
				5427F07F1E2C94FF00CE20E5 /* SECScatterOptions.swift in Sources */,
				5427F0931E2C97D100CE20E5 /* SECTreemapOptions.swift in Sources */,
				5427F0831E2C95CF00CE20E5 /* SECMapOptions.swift in Sources */,
			);
			runOnlyForDeploymentPostprocessing = 0;
		};
		6FB48CAA1DEE9FF300137D13 /* Sources */ = {
			isa = PBXSourcesBuildPhase;
			buildActionMask = 2147483647;
			files = (
				6FEC7D1D1E54996B003A88D7 /* SECTwoElementsSpec.swift in Sources */,
				6F4ACB481E1D258B00CE5FD5 /* SECJsonableSpec.swift in Sources */,
				5408989D1E52EB6500A89BB0 /* SECLinSerieSpec.swift in Sources */,
				6FEC7D191E5376F9003A88D7 /* SECPercentSpec.swift in Sources */,
				6FB48CBA1DEEA30000137D13 /* SECFontSpec.swift in Sources */,
				6F4ACB511E21352600CE5FD5 /* SECMappableSpec.swift in Sources */,
			);
			runOnlyForDeploymentPostprocessing = 0;
		};
/* End PBXSourcesBuildPhase section */

/* Begin PBXTargetDependency section */
		6FB48CB51DEE9FF400137D13 /* PBXTargetDependency */ = {
			isa = PBXTargetDependency;
			target = 6F13256B1D9312A90006F114 /* SwiftyEcharts */;
			targetProxy = 6FB48CB41DEE9FF400137D13 /* PBXContainerItemProxy */;
		};
		6FF760741DE896F200580D27 /* PBXTargetDependency */ = {
			isa = PBXTargetDependency;
			target = 6F13256B1D9312A90006F114 /* SwiftyEcharts */;
			targetProxy = 6FF760731DE896F200580D27 /* PBXContainerItemProxy */;
		};
/* End PBXTargetDependency section */

/* Begin PBXVariantGroup section */
		6F9B70E31DE808E600406B55 /* Main.storyboard */ = {
			isa = PBXVariantGroup;
			children = (
				6F9B70E41DE808E600406B55 /* Base */,
			);
			name = Main.storyboard;
			sourceTree = "<group>";
		};
		6F9B70E81DE808E600406B55 /* LaunchScreen.storyboard */ = {
			isa = PBXVariantGroup;
			children = (
				6F9B70E91DE808E600406B55 /* Base */,
			);
			name = LaunchScreen.storyboard;
			sourceTree = "<group>";
		};
/* End PBXVariantGroup section */

/* Begin XCBuildConfiguration section */
		6F1325721D9312A90006F114 /* Debug */ = {
			isa = XCBuildConfiguration;
			buildSettings = {
				ALWAYS_SEARCH_USER_PATHS = NO;
				CLANG_ANALYZER_NONNULL = YES;
				CLANG_CXX_LANGUAGE_STANDARD = "gnu++0x";
				CLANG_CXX_LIBRARY = "libc++";
				CLANG_ENABLE_MODULES = YES;
				CLANG_ENABLE_OBJC_ARC = YES;
				CLANG_WARN_BOOL_CONVERSION = YES;
				CLANG_WARN_CONSTANT_CONVERSION = YES;
				CLANG_WARN_DIRECT_OBJC_ISA_USAGE = YES_ERROR;
				CLANG_WARN_EMPTY_BODY = YES;
				CLANG_WARN_ENUM_CONVERSION = YES;
				CLANG_WARN_INFINITE_RECURSION = YES;
				CLANG_WARN_INT_CONVERSION = YES;
				CLANG_WARN_OBJC_ROOT_CLASS = YES_ERROR;
				CLANG_WARN_SUSPICIOUS_MOVE = YES;
				CLANG_WARN_UNREACHABLE_CODE = YES;
				CLANG_WARN__DUPLICATE_METHOD_MATCH = YES;
				"CODE_SIGN_IDENTITY[sdk=iphoneos*]" = "iPhone Developer";
				COPY_PHASE_STRIP = NO;
				CURRENT_PROJECT_VERSION = 1;
				DEBUG_INFORMATION_FORMAT = dwarf;
				ENABLE_STRICT_OBJC_MSGSEND = YES;
				ENABLE_TESTABILITY = YES;
				GCC_C_LANGUAGE_STANDARD = gnu99;
				GCC_DYNAMIC_NO_PIC = NO;
				GCC_NO_COMMON_BLOCKS = YES;
				GCC_OPTIMIZATION_LEVEL = 0;
				GCC_PREPROCESSOR_DEFINITIONS = (
					"DEBUG=1",
					"$(inherited)",
				);
				GCC_WARN_64_TO_32_BIT_CONVERSION = YES;
				GCC_WARN_ABOUT_RETURN_TYPE = YES_ERROR;
				GCC_WARN_UNDECLARED_SELECTOR = YES;
				GCC_WARN_UNINITIALIZED_AUTOS = YES_AGGRESSIVE;
				GCC_WARN_UNUSED_FUNCTION = YES;
				GCC_WARN_UNUSED_VARIABLE = YES;
				IPHONEOS_DEPLOYMENT_TARGET = 8.0;
				MTL_ENABLE_DEBUG_INFO = YES;
				ONLY_ACTIVE_ARCH = YES;
				SDKROOT = iphoneos;
				SWIFT_OPTIMIZATION_LEVEL = "-Onone";
				TARGETED_DEVICE_FAMILY = "1,2";
				VERSIONING_SYSTEM = "apple-generic";
				VERSION_INFO_PREFIX = "";
			};
			name = Debug;
		};
		6F1325731D9312A90006F114 /* Release */ = {
			isa = XCBuildConfiguration;
			buildSettings = {
				ALWAYS_SEARCH_USER_PATHS = NO;
				CLANG_ANALYZER_NONNULL = YES;
				CLANG_CXX_LANGUAGE_STANDARD = "gnu++0x";
				CLANG_CXX_LIBRARY = "libc++";
				CLANG_ENABLE_MODULES = YES;
				CLANG_ENABLE_OBJC_ARC = YES;
				CLANG_WARN_BOOL_CONVERSION = YES;
				CLANG_WARN_CONSTANT_CONVERSION = YES;
				CLANG_WARN_DIRECT_OBJC_ISA_USAGE = YES_ERROR;
				CLANG_WARN_EMPTY_BODY = YES;
				CLANG_WARN_ENUM_CONVERSION = YES;
				CLANG_WARN_INFINITE_RECURSION = YES;
				CLANG_WARN_INT_CONVERSION = YES;
				CLANG_WARN_OBJC_ROOT_CLASS = YES_ERROR;
				CLANG_WARN_SUSPICIOUS_MOVE = YES;
				CLANG_WARN_UNREACHABLE_CODE = YES;
				CLANG_WARN__DUPLICATE_METHOD_MATCH = YES;
				"CODE_SIGN_IDENTITY[sdk=iphoneos*]" = "iPhone Developer";
				COPY_PHASE_STRIP = NO;
				CURRENT_PROJECT_VERSION = 1;
				DEBUG_INFORMATION_FORMAT = "dwarf-with-dsym";
				ENABLE_NS_ASSERTIONS = NO;
				ENABLE_STRICT_OBJC_MSGSEND = YES;
				GCC_C_LANGUAGE_STANDARD = gnu99;
				GCC_NO_COMMON_BLOCKS = YES;
				GCC_WARN_64_TO_32_BIT_CONVERSION = YES;
				GCC_WARN_ABOUT_RETURN_TYPE = YES_ERROR;
				GCC_WARN_UNDECLARED_SELECTOR = YES;
				GCC_WARN_UNINITIALIZED_AUTOS = YES_AGGRESSIVE;
				GCC_WARN_UNUSED_FUNCTION = YES;
				GCC_WARN_UNUSED_VARIABLE = YES;
				IPHONEOS_DEPLOYMENT_TARGET = 8.0;
				MTL_ENABLE_DEBUG_INFO = NO;
				SDKROOT = iphoneos;
				SWIFT_OPTIMIZATION_LEVEL = "-Owholemodule";
				TARGETED_DEVICE_FAMILY = "1,2";
				VALIDATE_PRODUCT = YES;
				VERSIONING_SYSTEM = "apple-generic";
				VERSION_INFO_PREFIX = "";
			};
			name = Release;
		};
		6F1325751D9312A90006F114 /* Debug */ = {
			isa = XCBuildConfiguration;
			buildSettings = {
				CLANG_ENABLE_MODULES = YES;
				"CODE_SIGN_IDENTITY[sdk=iphoneos*]" = "";
				DEFINES_MODULE = YES;
				DYLIB_COMPATIBILITY_VERSION = 1;
				DYLIB_CURRENT_VERSION = 1;
				DYLIB_INSTALL_NAME_BASE = "@rpath";
				INFOPLIST_FILE = SwiftyEcharts/Info.plist;
				INSTALL_PATH = "$(LOCAL_LIBRARY_DIR)/Frameworks";
				LD_RUNPATH_SEARCH_PATHS = "$(inherited) @executable_path/Frameworks @loader_path/Frameworks";
				PRODUCT_BUNDLE_IDENTIFIER = "com.pluto-y.SwiftyEcharts";
				PRODUCT_NAME = "$(TARGET_NAME)";
				SKIP_INSTALL = YES;
				SWIFT_OPTIMIZATION_LEVEL = "-Onone";
				SWIFT_VERSION = 2.3;
			};
			name = Debug;
		};
		6F1325761D9312A90006F114 /* Release */ = {
			isa = XCBuildConfiguration;
			buildSettings = {
				CLANG_ENABLE_MODULES = YES;
				"CODE_SIGN_IDENTITY[sdk=iphoneos*]" = "";
				DEFINES_MODULE = YES;
				DYLIB_COMPATIBILITY_VERSION = 1;
				DYLIB_CURRENT_VERSION = 1;
				DYLIB_INSTALL_NAME_BASE = "@rpath";
				INFOPLIST_FILE = SwiftyEcharts/Info.plist;
				INSTALL_PATH = "$(LOCAL_LIBRARY_DIR)/Frameworks";
				LD_RUNPATH_SEARCH_PATHS = "$(inherited) @executable_path/Frameworks @loader_path/Frameworks";
				PRODUCT_BUNDLE_IDENTIFIER = "com.pluto-y.SwiftyEcharts";
				PRODUCT_NAME = "$(TARGET_NAME)";
				SKIP_INSTALL = YES;
				SWIFT_VERSION = 2.3;
			};
			name = Release;
		};
		6F9B70ED1DE808E600406B55 /* Debug */ = {
			isa = XCBuildConfiguration;
			buildSettings = {
				ALWAYS_EMBED_SWIFT_STANDARD_LIBRARIES = YES;
				ASSETCATALOG_COMPILER_APPICON_NAME = AppIcon;
				CLANG_WARN_DOCUMENTATION_COMMENTS = YES;
				CLANG_WARN_INFINITE_RECURSION = YES;
				CLANG_WARN_SUSPICIOUS_MOVES = YES;
				DEVELOPMENT_TEAM = "";
				INFOPLIST_FILE = iOS_Example/Info.plist;
				IPHONEOS_DEPLOYMENT_TARGET = 8.0;
				LD_RUNPATH_SEARCH_PATHS = "$(inherited) @executable_path/Frameworks";
				PRODUCT_BUNDLE_IDENTIFIER = "com.pluto-y.iOS-Example";
				PRODUCT_NAME = "$(TARGET_NAME)";
				SWIFT_ACTIVE_COMPILATION_CONDITIONS = DEBUG;
				SWIFT_VERSION = 2.3;
			};
			name = Debug;
		};
		6F9B70EE1DE808E600406B55 /* Release */ = {
			isa = XCBuildConfiguration;
			buildSettings = {
				ALWAYS_EMBED_SWIFT_STANDARD_LIBRARIES = YES;
				ASSETCATALOG_COMPILER_APPICON_NAME = AppIcon;
				CLANG_WARN_DOCUMENTATION_COMMENTS = YES;
				CLANG_WARN_INFINITE_RECURSION = YES;
				CLANG_WARN_SUSPICIOUS_MOVES = YES;
				DEVELOPMENT_TEAM = "";
				INFOPLIST_FILE = iOS_Example/Info.plist;
				IPHONEOS_DEPLOYMENT_TARGET = 8.0;
				LD_RUNPATH_SEARCH_PATHS = "$(inherited) @executable_path/Frameworks";
				PRODUCT_BUNDLE_IDENTIFIER = "com.pluto-y.iOS-Example";
				PRODUCT_NAME = "$(TARGET_NAME)";
				SWIFT_OPTIMIZATION_LEVEL = "-Owholemodule";
				SWIFT_VERSION = 2.3;
			};
			name = Release;
		};
		6FB48CB71DEE9FF400137D13 /* Debug */ = {
			isa = XCBuildConfiguration;
			baseConfigurationReference = 0E050E4779F8D6A158AB3CCF /* Pods-SwiftyEchartsTest_iOS.debug.xcconfig */;
			buildSettings = {
				ALWAYS_EMBED_SWIFT_STANDARD_LIBRARIES = YES;
				CLANG_WARN_DOCUMENTATION_COMMENTS = YES;
				CLANG_WARN_SUSPICIOUS_MOVES = YES;
				INFOPLIST_FILE = SwiftyEchartsTest_iOS/Info.plist;
				IPHONEOS_DEPLOYMENT_TARGET = 10.1;
				LD_RUNPATH_SEARCH_PATHS = "$(inherited) @executable_path/Frameworks @loader_path/Frameworks";
				PRODUCT_BUNDLE_IDENTIFIER = "com.pluto-y.SwiftyEchartsTest-iOS";
				PRODUCT_NAME = "$(TARGET_NAME)";
				SWIFT_ACTIVE_COMPILATION_CONDITIONS = DEBUG;
				SWIFT_VERSION = 2.3;
			};
			name = Debug;
		};
		6FB48CB81DEE9FF400137D13 /* Release */ = {
			isa = XCBuildConfiguration;
			baseConfigurationReference = 1BF7A0380778E442CCDE890E /* Pods-SwiftyEchartsTest_iOS.release.xcconfig */;
			buildSettings = {
				ALWAYS_EMBED_SWIFT_STANDARD_LIBRARIES = YES;
				CLANG_WARN_DOCUMENTATION_COMMENTS = YES;
				CLANG_WARN_SUSPICIOUS_MOVES = YES;
				INFOPLIST_FILE = SwiftyEchartsTest_iOS/Info.plist;
				IPHONEOS_DEPLOYMENT_TARGET = 10.1;
				LD_RUNPATH_SEARCH_PATHS = "$(inherited) @executable_path/Frameworks @loader_path/Frameworks";
				PRODUCT_BUNDLE_IDENTIFIER = "com.pluto-y.SwiftyEchartsTest-iOS";
				PRODUCT_NAME = "$(TARGET_NAME)";
				SWIFT_VERSION = 2.3;
			};
			name = Release;
		};
/* End XCBuildConfiguration section */

/* Begin XCConfigurationList section */
		6F1325661D9312A90006F114 /* Build configuration list for PBXProject "SwiftyEcharts" */ = {
			isa = XCConfigurationList;
			buildConfigurations = (
				6F1325721D9312A90006F114 /* Debug */,
				6F1325731D9312A90006F114 /* Release */,
			);
			defaultConfigurationIsVisible = 0;
			defaultConfigurationName = Release;
		};
		6F1325741D9312A90006F114 /* Build configuration list for PBXNativeTarget "SwiftyEcharts" */ = {
			isa = XCConfigurationList;
			buildConfigurations = (
				6F1325751D9312A90006F114 /* Debug */,
				6F1325761D9312A90006F114 /* Release */,
			);
			defaultConfigurationIsVisible = 0;
			defaultConfigurationName = Release;
		};
		6F9B70EC1DE808E600406B55 /* Build configuration list for PBXNativeTarget "iOS_Example" */ = {
			isa = XCConfigurationList;
			buildConfigurations = (
				6F9B70ED1DE808E600406B55 /* Debug */,
				6F9B70EE1DE808E600406B55 /* Release */,
			);
			defaultConfigurationIsVisible = 0;
			defaultConfigurationName = Release;
		};
		6FB48CB61DEE9FF400137D13 /* Build configuration list for PBXNativeTarget "SwiftyEchartsTest_iOS" */ = {
			isa = XCConfigurationList;
			buildConfigurations = (
				6FB48CB71DEE9FF400137D13 /* Debug */,
				6FB48CB81DEE9FF400137D13 /* Release */,
			);
			defaultConfigurationIsVisible = 0;
			defaultConfigurationName = Release;
		};
/* End XCConfigurationList section */
	};
	rootObject = 6F1325631D9312A90006F114 /* Project object */;
}
